
Microsoft Visual Studio Solution File, Format Version 12.00
# Visual Studio 14
VisualStudioVersion = 14.0.25420.1
MinimumVisualStudioVersion = 10.0.40219.1
Project("{FAE04EC0-301F-11D3-BF4B-00C04F79EFBC}") = "XFActIndFail", "XFActIndFail\XFActIndFail\XFActIndFail.csproj", "{F4BB7D71-3315-4CFB-BC95-B82E700D7F52}"
EndProject
Project("{FAE04EC0-301F-11D3-BF4B-00C04F79EFBC}") = "XFActIndFail.Droid", "XFActIndFail\XFActIndFail.Droid\XFActIndFail.Droid.csproj", "{BE9DC939-3379-4B97-9FB4-F785887C4A29}"
EndProject
Project("{FAE04EC0-301F-11D3-BF4B-00C04F79EFBC}") = "XFActIndFail.iOS", "XFActIndFail\XFActIndFail.iOS\XFActIndFail.iOS.csproj", "{C1630191-1800-4CF3-84F0-5FF3ADC126A5}"
EndProject
Project("{FAE04EC0-301F-11D3-BF4B-00C04F79EFBC}") = "XFActIndFail.UWP", "XFActIndFail\XFActIndFail.UWP\XFActIndFail.UWP.csproj", "{01BA2419-9B8D-4D8B-8891-4F655CD0D6EE}"
EndProject
Global
	GlobalSection(SolutionConfigurationPlatforms) = preSolution
		Ad-Hoc|Any CPU = Ad-Hoc|Any CPU
		Ad-Hoc|ARM = Ad-Hoc|ARM
		Ad-Hoc|iPhone = Ad-Hoc|iPhone
		Ad-Hoc|iPhoneSimulator = Ad-Hoc|iPhoneSimulator
		Ad-Hoc|x64 = Ad-Hoc|x64
		Ad-Hoc|x86 = Ad-Hoc|x86
		AppStore|Any CPU = AppStore|Any CPU
		AppStore|ARM = AppStore|ARM
		AppStore|iPhone = AppStore|iPhone
		AppStore|iPhoneSimulator = AppStore|iPhoneSimulator
		AppStore|x64 = AppStore|x64
		AppStore|x86 = AppStore|x86
		Debug|Any CPU = Debug|Any CPU
		Debug|ARM = Debug|ARM
		Debug|iPhone = Debug|iPhone
		Debug|iPhoneSimulator = Debug|iPhoneSimulator
		Debug|x64 = Debug|x64
		Debug|x86 = Debug|x86
		Release|Any CPU = Release|Any CPU
		Release|ARM = Release|ARM
		Release|iPhone = Release|iPhone
		Release|iPhoneSimulator = Release|iPhoneSimulator
		Release|x64 = Release|x64
		Release|x86 = Release|x86
	EndGlobalSection
	GlobalSection(ProjectConfigurationPlatforms) = postSolution
		{F4BB7D71-3315-4CFB-BC95-B82E700D7F52}.Ad-Hoc|Any CPU.ActiveCfg = Release|Any CPU
		{F4BB7D71-3315-4CFB-BC95-B82E700D7F52}.Ad-Hoc|Any CPU.Build.0 = Release|Any CPU
		{F4BB7D71-3315-4CFB-BC95-B82E700D7F52}.Ad-Hoc|ARM.ActiveCfg = Release|Any CPU
		{F4BB7D71-3315-4CFB-BC95-B82E700D7F52}.Ad-Hoc|ARM.Build.0 = Release|Any CPU
		{F4BB7D71-3315-4CFB-BC95-B82E700D7F52}.Ad-Hoc|iPhone.ActiveCfg = Release|Any CPU
		{F4BB7D71-3315-4CFB-BC95-B82E700D7F52}.Ad-Hoc|iPhone.Build.0 = Release|Any CPU
		{F4BB7D71-3315-4CFB-BC95-B82E700D7F52}.Ad-Hoc|iPhoneSimulator.ActiveCfg = Release|Any CPU
		{F4BB7D71-3315-4CFB-BC95-B82E700D7F52}.Ad-Hoc|iPhoneSimulator.Build.0 = Release|Any CPU
		{F4BB7D71-3315-4CFB-BC95-B82E700D7F52}.Ad-Hoc|x64.ActiveCfg = Release|Any CPU
		{F4BB7D71-3315-4CFB-BC95-B82E700D7F52}.Ad-Hoc|x64.Build.0 = Release|Any CPU
		{F4BB7D71-3315-4CFB-BC95-B82E700D7F52}.Ad-Hoc|x86.ActiveCfg = Release|Any CPU
		{F4BB7D71-3315-4CFB-BC95-B82E700D7F52}.Ad-Hoc|x86.Build.0 = Release|Any CPU
		{F4BB7D71-3315-4CFB-BC95-B82E700D7F52}.AppStore|Any CPU.ActiveCfg = Release|Any CPU
		{F4BB7D71-3315-4CFB-BC95-B82E700D7F52}.AppStore|Any CPU.Build.0 = Release|Any CPU
		{F4BB7D71-3315-4CFB-BC95-B82E700D7F52}.AppStore|ARM.ActiveCfg = Release|Any CPU
		{F4BB7D71-3315-4CFB-BC95-B82E700D7F52}.AppStore|ARM.Build.0 = Release|Any CPU
		{F4BB7D71-3315-4CFB-BC95-B82E700D7F52}.AppStore|iPhone.ActiveCfg = Release|Any CPU
		{F4BB7D71-3315-4CFB-BC95-B82E700D7F52}.AppStore|iPhone.Build.0 = Release|Any CPU
		{F4BB7D71-3315-4CFB-BC95-B82E700D7F52}.AppStore|iPhoneSimulator.ActiveCfg = Release|Any CPU
		{F4BB7D71-3315-4CFB-BC95-B82E700D7F52}.AppStore|iPhoneSimulator.Build.0 = Release|Any CPU
		{F4BB7D71-3315-4CFB-BC95-B82E700D7F52}.AppStore|x64.ActiveCfg = Release|Any CPU
		{F4BB7D71-3315-4CFB-BC95-B82E700D7F52}.AppStore|x64.Build.0 = Release|Any CPU
		{F4BB7D71-3315-4CFB-BC95-B82E700D7F52}.AppStore|x86.ActiveCfg = Release|Any CPU
		{F4BB7D71-3315-4CFB-BC95-B82E700D7F52}.AppStore|x86.Build.0 = Release|Any CPU
		{F4BB7D71-3315-4CFB-BC95-B82E700D7F52}.Debug|Any CPU.ActiveCfg = Debug|Any CPU
		{F4BB7D71-3315-4CFB-BC95-B82E700D7F52}.Debug|Any CPU.Build.0 = Debug|Any CPU
		{F4BB7D71-3315-4CFB-BC95-B82E700D7F52}.Debug|ARM.ActiveCfg = Debug|Any CPU
		{F4BB7D71-3315-4CFB-BC95-B82E700D7F52}.Debug|ARM.Build.0 = Debug|Any CPU
		{F4BB7D71-3315-4CFB-BC95-B82E700D7F52}.Debug|iPhone.ActiveCfg = Debug|Any CPU
		{F4BB7D71-3315-4CFB-BC95-B82E700D7F52}.Debug|iPhone.Build.0 = Debug|Any CPU
		{F4BB7D71-3315-4CFB-BC95-B82E700D7F52}.Debug|iPhoneSimulator.ActiveCfg = Debug|Any CPU
		{F4BB7D71-3315-4CFB-BC95-B82E700D7F52}.Debug|iPhoneSimulator.Build.0 = Debug|Any CPU
		{F4BB7D71-3315-4CFB-BC95-B82E700D7F52}.Debug|x64.ActiveCfg = Debug|Any CPU
		{F4BB7D71-3315-4CFB-BC95-B82E700D7F52}.Debug|x64.Build.0 = Debug|Any CPU
		{F4BB7D71-3315-4CFB-BC95-B82E700D7F52}.Debug|x86.ActiveCfg = Debug|Any CPU
		{F4BB7D71-3315-4CFB-BC95-B82E700D7F52}.Debug|x86.Build.0 = Debug|Any CPU
		{F4BB7D71-3315-4CFB-BC95-B82E700D7F52}.Release|Any CPU.ActiveCfg = Release|Any CPU
		{F4BB7D71-3315-4CFB-BC95-B82E700D7F52}.Release|Any CPU.Build.0 = Release|Any CPU
		{F4BB7D71-3315-4CFB-BC95-B82E700D7F52}.Release|ARM.ActiveCfg = Release|Any CPU
		{F4BB7D71-3315-4CFB-BC95-B82E700D7F52}.Release|ARM.Build.0 = Release|Any CPU
		{F4BB7D71-3315-4CFB-BC95-B82E700D7F52}.Release|iPhone.ActiveCfg = Release|Any CPU
		{F4BB7D71-3315-4CFB-BC95-B82E700D7F52}.Release|iPhone.Build.0 = Release|Any CPU
		{F4BB7D71-3315-4CFB-BC95-B82E700D7F52}.Release|iPhoneSimulator.ActiveCfg = Release|Any CPU
		{F4BB7D71-3315-4CFB-BC95-B82E700D7F52}.Release|iPhoneSimulator.Build.0 = Release|Any CPU
		{F4BB7D71-3315-4CFB-BC95-B82E700D7F52}.Release|x64.ActiveCfg = Release|Any CPU
		{F4BB7D71-3315-4CFB-BC95-B82E700D7F52}.Release|x64.Build.0 = Release|Any CPU
		{F4BB7D71-3315-4CFB-BC95-B82E700D7F52}.Release|x86.ActiveCfg = Release|Any CPU
		{F4BB7D71-3315-4CFB-BC95-B82E700D7F52}.Release|x86.Build.0 = Release|Any CPU
		{BE9DC939-3379-4B97-9FB4-F785887C4A29}.Ad-Hoc|Any CPU.ActiveCfg = Release|Any CPU
		{BE9DC939-3379-4B97-9FB4-F785887C4A29}.Ad-Hoc|Any CPU.Build.0 = Release|Any CPU
		{BE9DC939-3379-4B97-9FB4-F785887C4A29}.Ad-Hoc|Any CPU.Deploy.0 = Release|Any CPU
		{BE9DC939-3379-4B97-9FB4-F785887C4A29}.Ad-Hoc|ARM.ActiveCfg = Release|Any CPU
		{BE9DC939-3379-4B97-9FB4-F785887C4A29}.Ad-Hoc|ARM.Build.0 = Release|Any CPU
		{BE9DC939-3379-4B97-9FB4-F785887C4A29}.Ad-Hoc|ARM.Deploy.0 = Release|Any CPU
		{BE9DC939-3379-4B97-9FB4-F785887C4A29}.Ad-Hoc|iPhone.ActiveCfg = Release|Any CPU
		{BE9DC939-3379-4B97-9FB4-F785887C4A29}.Ad-Hoc|iPhone.Build.0 = Release|Any CPU
		{BE9DC939-3379-4B97-9FB4-F785887C4A29}.Ad-Hoc|iPhone.Deploy.0 = Release|Any CPU
		{BE9DC939-3379-4B97-9FB4-F785887C4A29}.Ad-Hoc|iPhoneSimulator.ActiveCfg = Release|Any CPU
		{BE9DC939-3379-4B97-9FB4-F785887C4A29}.Ad-Hoc|iPhoneSimulator.Build.0 = Release|Any CPU
		{BE9DC939-3379-4B97-9FB4-F785887C4A29}.Ad-Hoc|iPhoneSimulator.Deploy.0 = Release|Any CPU
		{BE9DC939-3379-4B97-9FB4-F785887C4A29}.Ad-Hoc|x64.ActiveCfg = Release|Any CPU
		{BE9DC939-3379-4B97-9FB4-F785887C4A29}.Ad-Hoc|x64.Build.0 = Release|Any CPU
		{BE9DC939-3379-4B97-9FB4-F785887C4A29}.Ad-Hoc|x64.Deploy.0 = Release|Any CPU
		{BE9DC939-3379-4B97-9FB4-F785887C4A29}.Ad-Hoc|x86.ActiveCfg = Release|Any CPU
		{BE9DC939-3379-4B97-9FB4-F785887C4A29}.Ad-Hoc|x86.Build.0 = Release|Any CPU
		{BE9DC939-3379-4B97-9FB4-F785887C4A29}.Ad-Hoc|x86.Deploy.0 = Release|Any CPU
		{BE9DC939-3379-4B97-9FB4-F785887C4A29}.AppStore|Any CPU.ActiveCfg = Release|Any CPU
		{BE9DC939-3379-4B97-9FB4-F785887C4A29}.AppStore|Any CPU.Build.0 = Release|Any CPU
		{BE9DC939-3379-4B97-9FB4-F785887C4A29}.AppStore|Any CPU.Deploy.0 = Release|Any CPU
		{BE9DC939-3379-4B97-9FB4-F785887C4A29}.AppStore|ARM.ActiveCfg = Release|Any CPU
		{BE9DC939-3379-4B97-9FB4-F785887C4A29}.AppStore|ARM.Build.0 = Release|Any CPU
		{BE9DC939-3379-4B97-9FB4-F785887C4A29}.AppStore|ARM.Deploy.0 = Release|Any CPU
		{BE9DC939-3379-4B97-9FB4-F785887C4A29}.AppStore|iPhone.ActiveCfg = Release|Any CPU
		{BE9DC939-3379-4B97-9FB4-F785887C4A29}.AppStore|iPhone.Build.0 = Release|Any CPU
		{BE9DC939-3379-4B97-9FB4-F785887C4A29}.AppStore|iPhone.Deploy.0 = Release|Any CPU
		{BE9DC939-3379-4B97-9FB4-F785887C4A29}.AppStore|iPhoneSimulator.ActiveCfg = Release|Any CPU
		{BE9DC939-3379-4B97-9FB4-F785887C4A29}.AppStore|iPhoneSimulator.Build.0 = Release|Any CPU
		{BE9DC939-3379-4B97-9FB4-F785887C4A29}.AppStore|iPhoneSimulator.Deploy.0 = Release|Any CPU
		{BE9DC939-3379-4B97-9FB4-F785887C4A29}.AppStore|x64.ActiveCfg = Release|Any CPU
		{BE9DC939-3379-4B97-9FB4-F785887C4A29}.AppStore|x64.Build.0 = Release|Any CPU
		{BE9DC939-3379-4B97-9FB4-F785887C4A29}.AppStore|x64.Deploy.0 = Release|Any CPU
		{BE9DC939-3379-4B97-9FB4-F785887C4A29}.AppStore|x86.ActiveCfg = Release|Any CPU
		{BE9DC939-3379-4B97-9FB4-F785887C4A29}.AppStore|x86.Build.0 = Release|Any CPU
		{BE9DC939-3379-4B97-9FB4-F785887C4A29}.AppStore|x86.Deploy.0 = Release|Any CPU
		{BE9DC939-3379-4B97-9FB4-F785887C4A29}.Debug|Any CPU.ActiveCfg = Debug|Any CPU
		{BE9DC939-3379-4B97-9FB4-F785887C4A29}.Debug|Any CPU.Build.0 = Debug|Any CPU
		{BE9DC939-3379-4B97-9FB4-F785887C4A29}.Debug|Any CPU.Deploy.0 = Debug|Any CPU
		{BE9DC939-3379-4B97-9FB4-F785887C4A29}.Debug|ARM.ActiveCfg = Debug|Any CPU
		{BE9DC939-3379-4B97-9FB4-F785887C4A29}.Debug|ARM.Build.0 = Debug|Any CPU
		{BE9DC939-3379-4B97-9FB4-F785887C4A29}.Debug|ARM.Deploy.0 = Debug|Any CPU
		{BE9DC939-3379-4B97-9FB4-F785887C4A29}.Debug|iPhone.ActiveCfg = Debug|Any CPU
		{BE9DC939-3379-4B97-9FB4-F785887C4A29}.Debug|iPhone.Build.0 = Debug|Any CPU
		{BE9DC939-3379-4B97-9FB4-F785887C4A29}.Debug|iPhone.Deploy.0 = Debug|Any CPU
		{BE9DC939-3379-4B97-9FB4-F785887C4A29}.Debug|iPhoneSimulator.ActiveCfg = Debug|Any CPU
		{BE9DC939-3379-4B97-9FB4-F785887C4A29}.Debug|iPhoneSimulator.Build.0 = Debug|Any CPU
		{BE9DC939-3379-4B97-9FB4-F785887C4A29}.Debug|iPhoneSimulator.Deploy.0 = Debug|Any CPU
		{BE9DC939-3379-4B97-9FB4-F785887C4A29}.Debug|x64.ActiveCfg = Debug|Any CPU
		{BE9DC939-3379-4B97-9FB4-F785887C4A29}.Debug|x64.Build.0 = Debug|Any CPU
		{BE9DC939-3379-4B97-9FB4-F785887C4A29}.Debug|x64.Deploy.0 = Debug|Any CPU
		{BE9DC939-3379-4B97-9FB4-F785887C4A29}.Debug|x86.ActiveCfg = Debug|Any CPU
		{BE9DC939-3379-4B97-9FB4-F785887C4A29}.Debug|x86.Build.0 = Debug|Any CPU
		{BE9DC939-3379-4B97-9FB4-F785887C4A29}.Debug|x86.Deploy.0 = Debug|Any CPU
		{BE9DC939-3379-4B97-9FB4-F785887C4A29}.Release|Any CPU.ActiveCfg = Release|Any CPU
		{BE9DC939-3379-4B97-9FB4-F785887C4A29}.Release|Any CPU.Build.0 = Release|Any CPU
		{BE9DC939-3379-4B97-9FB4-F785887C4A29}.Release|Any CPU.Deploy.0 = Release|Any CPU
		{BE9DC939-3379-4B97-9FB4-F785887C4A29}.Release|ARM.ActiveCfg = Release|Any CPU
		{BE9DC939-3379-4B97-9FB4-F785887C4A29}.Release|ARM.Build.0 = Release|Any CPU
		{BE9DC939-3379-4B97-9FB4-F785887C4A29}.Release|ARM.Deploy.0 = Release|Any CPU
		{BE9DC939-3379-4B97-9FB4-F785887C4A29}.Release|iPhone.ActiveCfg = Release|Any CPU
		{BE9DC939-3379-4B97-9FB4-F785887C4A29}.Release|iPhone.Build.0 = Release|Any CPU
		{BE9DC939-3379-4B97-9FB4-F785887C4A29}.Release|iPhone.Deploy.0 = Release|Any CPU
		{BE9DC939-3379-4B97-9FB4-F785887C4A29}.Release|iPhoneSimulator.ActiveCfg = Release|Any CPU
		{BE9DC939-3379-4B97-9FB4-F785887C4A29}.Release|iPhoneSimulator.Build.0 = Release|Any CPU
		{BE9DC939-3379-4B97-9FB4-F785887C4A29}.Release|iPhoneSimulator.Deploy.0 = Release|Any CPU
		{BE9DC939-3379-4B97-9FB4-F785887C4A29}.Release|x64.ActiveCfg = Release|Any CPU
		{BE9DC939-3379-4B97-9FB4-F785887C4A29}.Release|x64.Build.0 = Release|Any CPU
		{BE9DC939-3379-4B97-9FB4-F785887C4A29}.Release|x64.Deploy.0 = Release|Any CPU
		{BE9DC939-3379-4B97-9FB4-F785887C4A29}.Release|x86.ActiveCfg = Release|Any CPU
		{BE9DC939-3379-4B97-9FB4-F785887C4A29}.Release|x86.Build.0 = Release|Any CPU
		{BE9DC939-3379-4B97-9FB4-F785887C4A29}.Release|x86.Deploy.0 = Release|Any CPU
		{C1630191-1800-4CF3-84F0-5FF3ADC126A5}.Ad-Hoc|Any CPU.ActiveCfg = Ad-Hoc|iPhone
		{C1630191-1800-4CF3-84F0-5FF3ADC126A5}.Ad-Hoc|ARM.ActiveCfg = Ad-Hoc|iPhone
		{C1630191-1800-4CF3-84F0-5FF3ADC126A5}.Ad-Hoc|iPhone.ActiveCfg = Ad-Hoc|iPhone
		{C1630191-1800-4CF3-84F0-5FF3ADC126A5}.Ad-Hoc|iPhone.Build.0 = Ad-Hoc|iPhone
		{C1630191-1800-4CF3-84F0-5FF3ADC126A5}.Ad-Hoc|iPhoneSimulator.ActiveCfg = Ad-Hoc|iPhoneSimulator
		{C1630191-1800-4CF3-84F0-5FF3ADC126A5}.Ad-Hoc|iPhoneSimulator.Build.0 = Ad-Hoc|iPhoneSimulator
		{C1630191-1800-4CF3-84F0-5FF3ADC126A5}.Ad-Hoc|x64.ActiveCfg = Ad-Hoc|iPhone
		{C1630191-1800-4CF3-84F0-5FF3ADC126A5}.Ad-Hoc|x86.ActiveCfg = Ad-Hoc|iPhone
		{C1630191-1800-4CF3-84F0-5FF3ADC126A5}.AppStore|Any CPU.ActiveCfg = AppStore|iPhone
		{C1630191-1800-4CF3-84F0-5FF3ADC126A5}.AppStore|ARM.ActiveCfg = AppStore|iPhone
		{C1630191-1800-4CF3-84F0-5FF3ADC126A5}.AppStore|iPhone.ActiveCfg = AppStore|iPhone
		{C1630191-1800-4CF3-84F0-5FF3ADC126A5}.AppStore|iPhone.Build.0 = AppStore|iPhone
		{C1630191-1800-4CF3-84F0-5FF3ADC126A5}.AppStore|iPhoneSimulator.ActiveCfg = AppStore|iPhoneSimulator
		{C1630191-1800-4CF3-84F0-5FF3ADC126A5}.AppStore|iPhoneSimulator.Build.0 = AppStore|iPhoneSimulator
		{C1630191-1800-4CF3-84F0-5FF3ADC126A5}.AppStore|x64.ActiveCfg = AppStore|iPhone
		{C1630191-1800-4CF3-84F0-5FF3ADC126A5}.AppStore|x86.ActiveCfg = AppStore|iPhone
		{C1630191-1800-4CF3-84F0-5FF3ADC126A5}.Debug|Any CPU.ActiveCfg = Debug|iPhone
		{C1630191-1800-4CF3-84F0-5FF3ADC126A5}.Debug|ARM.ActiveCfg = Debug|iPhone
		{C1630191-1800-4CF3-84F0-5FF3ADC126A5}.Debug|iPhone.ActiveCfg = Debug|iPhone
		{C1630191-1800-4CF3-84F0-5FF3ADC126A5}.Debug|iPhone.Build.0 = Debug|iPhone
		{C1630191-1800-4CF3-84F0-5FF3ADC126A5}.Debug|iPhoneSimulator.ActiveCfg = Debug|iPhoneSimulator
		{C1630191-1800-4CF3-84F0-5FF3ADC126A5}.Debug|iPhoneSimulator.Build.0 = Debug|iPhoneSimulator
		{C1630191-1800-4CF3-84F0-5FF3ADC126A5}.Debug|x64.ActiveCfg = Debug|iPhone
		{C1630191-1800-4CF3-84F0-5FF3ADC126A5}.Debug|x86.ActiveCfg = Debug|iPhone
		{C1630191-1800-4CF3-84F0-5FF3ADC126A5}.Release|Any CPU.ActiveCfg = Release|iPhone
		{C1630191-1800-4CF3-84F0-5FF3ADC126A5}.Release|ARM.ActiveCfg = Release|iPhone
		{C1630191-1800-4CF3-84F0-5FF3ADC126A5}.Release|iPhone.ActiveCfg = Release|iPhone
		{C1630191-1800-4CF3-84F0-5FF3ADC126A5}.Release|iPhone.Build.0 = Release|iPhone
		{C1630191-1800-4CF3-84F0-5FF3ADC126A5}.Release|iPhoneSimulator.ActiveCfg = Release|iPhoneSimulator
		{C1630191-1800-4CF3-84F0-5FF3ADC126A5}.Release|iPhoneSimulator.Build.0 = Release|iPhoneSimulator
		{C1630191-1800-4CF3-84F0-5FF3ADC126A5}.Release|x64.ActiveCfg = Release|iPhone
		{C1630191-1800-4CF3-84F0-5FF3ADC126A5}.Release|x86.ActiveCfg = Release|iPhone
		{01BA2419-9B8D-4D8B-8891-4F655CD0D6EE}.Ad-Hoc|Any CPU.ActiveCfg = Release|x86
		{01BA2419-9B8D-4D8B-8891-4F655CD0D6EE}.Ad-Hoc|Any CPU.Build.0 = Release|x86
		{01BA2419-9B8D-4D8B-8891-4F655CD0D6EE}.Ad-Hoc|Any CPU.Deploy.0 = Release|x86
		{01BA2419-9B8D-4D8B-8891-4F655CD0D6EE}.Ad-Hoc|ARM.ActiveCfg = Release|ARM
		{01BA2419-9B8D-4D8B-8891-4F655CD0D6EE}.Ad-Hoc|ARM.Build.0 = Release|ARM
		{01BA2419-9B8D-4D8B-8891-4F655CD0D6EE}.Ad-Hoc|ARM.Deploy.0 = Release|ARM
		{01BA2419-9B8D-4D8B-8891-4F655CD0D6EE}.Ad-Hoc|iPhone.ActiveCfg = Release|x86
		{01BA2419-9B8D-4D8B-8891-4F655CD0D6EE}.Ad-Hoc|iPhone.Build.0 = Release|x86
		{01BA2419-9B8D-4D8B-8891-4F655CD0D6EE}.Ad-Hoc|iPhone.Deploy.0 = Release|x86
		{01BA2419-9B8D-4D8B-8891-4F655CD0D6EE}.Ad-Hoc|iPhoneSimulator.ActiveCfg = Release|x86
		{01BA2419-9B8D-4D8B-8891-4F655CD0D6EE}.Ad-Hoc|iPhoneSimulator.Build.0 = Release|x86
		{01BA2419-9B8D-4D8B-8891-4F655CD0D6EE}.Ad-Hoc|iPhoneSimulator.Deploy.0 = Release|x86
		{01BA2419-9B8D-4D8B-8891-4F655CD0D6EE}.Ad-Hoc|x64.ActiveCfg = Release|x64
		{01BA2419-9B8D-4D8B-8891-4F655CD0D6EE}.Ad-Hoc|x64.Build.0 = Release|x64
		{01BA2419-9B8D-4D8B-8891-4F655CD0D6EE}.Ad-Hoc|x64.Deploy.0 = Release|x64
		{01BA2419-9B8D-4D8B-8891-4F655CD0D6EE}.Ad-Hoc|x86.ActiveCfg = Release|x86
		{01BA2419-9B8D-4D8B-8891-4F655CD0D6EE}.Ad-Hoc|x86.Build.0 = Release|x86
		{01BA2419-9B8D-4D8B-8891-4F655CD0D6EE}.Ad-Hoc|x86.Deploy.0 = Release|x86
		{01BA2419-9B8D-4D8B-8891-4F655CD0D6EE}.AppStore|Any CPU.ActiveCfg = Release|x86
		{01BA2419-9B8D-4D8B-8891-4F655CD0D6EE}.AppStore|Any CPU.Build.0 = Release|x86
		{01BA2419-9B8D-4D8B-8891-4F655CD0D6EE}.AppStore|Any CPU.Deploy.0 = Release|x86
		{01BA2419-9B8D-4D8B-8891-4F655CD0D6EE}.AppStore|ARM.ActiveCfg = Release|ARM
		{01BA2419-9B8D-4D8B-8891-4F655CD0D6EE}.AppStore|ARM.Build.0 = Release|ARM
		{01BA2419-9B8D-4D8B-8891-4F655CD0D6EE}.AppStore|ARM.Deploy.0 = Release|ARM
		{01BA2419-9B8D-4D8B-8891-4F655CD0D6EE}.AppStore|iPhone.ActiveCfg = Release|x86
		{01BA2419-9B8D-4D8B-8891-4F655CD0D6EE}.AppStore|iPhone.Build.0 = Release|x86
		{01BA2419-9B8D-4D8B-8891-4F655CD0D6EE}.AppStore|iPhone.Deploy.0 = Release|x86
		{01BA2419-9B8D-4D8B-8891-4F655CD0D6EE}.AppStore|iPhoneSimulator.ActiveCfg = Release|x86
		{01BA2419-9B8D-4D8B-8891-4F655CD0D6EE}.AppStore|iPhoneSimulator.Build.0 = Release|x86
		{01BA2419-9B8D-4D8B-8891-4F655CD0D6EE}.AppStore|iPhoneSimulator.Deploy.0 = Release|x86
		{01BA2419-9B8D-4D8B-8891-4F655CD0D6EE}.AppStore|x64.ActiveCfg = Release|x64
		{01BA2419-9B8D-4D8B-8891-4F655CD0D6EE}.AppStore|x64.Build.0 = Release|x64
		{01BA2419-9B8D-4D8B-8891-4F655CD0D6EE}.AppStore|x64.Deploy.0 = Release|x64
		{01BA2419-9B8D-4D8B-8891-4F655CD0D6EE}.AppStore|x86.ActiveCfg = Release|x86
		{01BA2419-9B8D-4D8B-8891-4F655CD0D6EE}.AppStore|x86.Build.0 = Release|x86
		{01BA2419-9B8D-4D8B-8891-4F655CD0D6EE}.AppStore|x86.Deploy.0 = Release|x86
		{01BA2419-9B8D-4D8B-8891-4F655CD0D6EE}.Debug|Any CPU.ActiveCfg = Debug|x86
		{01BA2419-9B8D-4D8B-8891-4F655CD0D6EE}.Debug|ARM.ActiveCfg = Debug|ARM
		{01BA2419-9B8D-4D8B-8891-4F655CD0D6EE}.Debug|ARM.Build.0 = Debug|ARM
		{01BA2419-9B8D-4D8B-8891-4F655CD0D6EE}.Debug|ARM.Deploy.0 = Debug|ARM
		{01BA2419-9B8D-4D8B-8891-4F655CD0D6EE}.Debug|iPhone.ActiveCfg = Debug|x86
		{01BA2419-9B8D-4D8B-8891-4F655CD0D6EE}.Debug|iPhoneSimulator.ActiveCfg = Debug|x86
		{01BA2419-9B8D-4D8B-8891-4F655CD0D6EE}.Debug|x64.ActiveCfg = Debug|x64
		{01BA2419-9B8D-4D8B-8891-4F655CD0D6EE}.Debug|x64.Build.0 = Debug|x64
		{01BA2419-9B8D-4D8B-8891-4F655CD0D6EE}.Debug|x64.Deploy.0 = Debug|x64
		{01BA2419-9B8D-4D8B-8891-4F655CD0D6EE}.Debug|x86.ActiveCfg = Debug|x86
		{01BA2419-9B8D-4D8B-8891-4F655CD0D6EE}.Debug|x86.Build.0 = Debug|x86
		{01BA2419-9B8D-4D8B-8891-4F655CD0D6EE}.Debug|x86.Deploy.0 = Debug|x86
		{01BA2419-9B8D-4D8B-8891-4F655CD0D6EE}.Release|Any CPU.ActiveCfg = Release|x86
		{01BA2419-9B8D-4D8B-8891-4F655CD0D6EE}.Release|ARM.ActiveCfg = Release|ARM
		{01BA2419-9B8D-4D8B-8891-4F655CD0D6EE}.Release|ARM.Build.0 = Release|ARM
		{01BA2419-9B8D-4D8B-8891-4F655CD0D6EE}.Release|ARM.Deploy.0 = Release|ARM
		{01BA2419-9B8D-4D8B-8891-4F655CD0D6EE}.Release|iPhone.ActiveCfg = Release|x86
		{01BA2419-9B8D-4D8B-8891-4F655CD0D6EE}.Release|iPhoneSimulator.ActiveCfg = Release|x86
		{01BA2419-9B8D-4D8B-8891-4F655CD0D6EE}.Release|x64.ActiveCfg = Release|x64
		{01BA2419-9B8D-4D8B-8891-4F655CD0D6EE}.Release|x64.Build.0 = Release|x64
		{01BA2419-9B8D-4D8B-8891-4F655CD0D6EE}.Release|x64.Deploy.0 = Release|x64
		{01BA2419-9B8D-4D8B-8891-4F655CD0D6EE}.Release|x86.ActiveCfg = Release|x86
		{01BA2419-9B8D-4D8B-8891-4F655CD0D6EE}.Release|x86.Build.0 = Release|x86
		{01BA2419-9B8D-4D8B-8891-4F655CD0D6EE}.Release|x86.Deploy.0 = Release|x86
	EndGlobalSection
	GlobalSection(SolutionProperties) = preSolution
		HideSolutionNode = FALSE
	EndGlobalSection
EndGlobal
