
Microsoft Visual Studio Solution File, Format Version 12.00
# Visual Studio 14
VisualStudioVersion = 14.0.25420.1
MinimumVisualStudioVersion = 10.0.40219.1
Project("{FAE04EC0-301F-11D3-BF4B-00C04F79EFBC}") = "XFpop3", "XFpop3\XFpop3\XFpop3.csproj", "{E64EF091-F7FD-459C-B984-869AF09334C2}"
EndProject
Project("{FAE04EC0-301F-11D3-BF4B-00C04F79EFBC}") = "XFpop3.Droid", "XFpop3\XFpop3.Droid\XFpop3.Droid.csproj", "{9E3464B9-C7D6-4DB4-BF33-625C4B1A7927}"
EndProject
Project("{FAE04EC0-301F-11D3-BF4B-00C04F79EFBC}") = "XFpop3.iOS", "XFpop3\XFpop3.iOS\XFpop3.iOS.csproj", "{27154D7D-4DFA-44DF-A084-A36DD414C5EA}"
EndProject
Project("{FAE04EC0-301F-11D3-BF4B-00C04F79EFBC}") = "XFpop3.WinPhone", "XFpop3\XFpop3.WinPhone\XFpop3.WinPhone.csproj", "{F4DDC539-F50D-41C7-9DD9-D9D5A05BB6CE}"
EndProject
Project("{FAE04EC0-301F-11D3-BF4B-00C04F79EFBC}") = "XFpop3.UWP", "XFpop3\XFpop3.UWP\XFpop3.UWP.csproj", "{3CBB2C53-153C-4950-962C-815E95CDC814}"
EndProject
Project("{FAE04EC0-301F-11D3-BF4B-00C04F79EFBC}") = "XFpop3.Windows", "XFpop3\XFpop3.Windows\XFpop3.Windows.csproj", "{A42D5312-BC21-4F3D-B78C-6D970124AFAE}"
EndProject
Global
	GlobalSection(SolutionConfigurationPlatforms) = preSolution
		Ad-Hoc|Any CPU = Ad-Hoc|Any CPU
		Ad-Hoc|ARM = Ad-Hoc|ARM
		Ad-Hoc|iPhone = Ad-Hoc|iPhone
		Ad-Hoc|iPhoneSimulator = Ad-Hoc|iPhoneSimulator
		Ad-Hoc|x64 = Ad-Hoc|x64
		Ad-Hoc|x86 = Ad-Hoc|x86
		AppStore|Any CPU = AppStore|Any CPU
		AppStore|ARM = AppStore|ARM
		AppStore|iPhone = AppStore|iPhone
		AppStore|iPhoneSimulator = AppStore|iPhoneSimulator
		AppStore|x64 = AppStore|x64
		AppStore|x86 = AppStore|x86
		Debug|Any CPU = Debug|Any CPU
		Debug|ARM = Debug|ARM
		Debug|iPhone = Debug|iPhone
		Debug|iPhoneSimulator = Debug|iPhoneSimulator
		Debug|x64 = Debug|x64
		Debug|x86 = Debug|x86
		Release|Any CPU = Release|Any CPU
		Release|ARM = Release|ARM
		Release|iPhone = Release|iPhone
		Release|iPhoneSimulator = Release|iPhoneSimulator
		Release|x64 = Release|x64
		Release|x86 = Release|x86
	EndGlobalSection
	GlobalSection(ProjectConfigurationPlatforms) = postSolution
		{E64EF091-F7FD-459C-B984-869AF09334C2}.Ad-Hoc|Any CPU.ActiveCfg = Release|Any CPU
		{E64EF091-F7FD-459C-B984-869AF09334C2}.Ad-Hoc|Any CPU.Build.0 = Release|Any CPU
		{E64EF091-F7FD-459C-B984-869AF09334C2}.Ad-Hoc|ARM.ActiveCfg = Release|Any CPU
		{E64EF091-F7FD-459C-B984-869AF09334C2}.Ad-Hoc|ARM.Build.0 = Release|Any CPU
		{E64EF091-F7FD-459C-B984-869AF09334C2}.Ad-Hoc|iPhone.ActiveCfg = Release|Any CPU
		{E64EF091-F7FD-459C-B984-869AF09334C2}.Ad-Hoc|iPhone.Build.0 = Release|Any CPU
		{E64EF091-F7FD-459C-B984-869AF09334C2}.Ad-Hoc|iPhoneSimulator.ActiveCfg = Release|Any CPU
		{E64EF091-F7FD-459C-B984-869AF09334C2}.Ad-Hoc|iPhoneSimulator.Build.0 = Release|Any CPU
		{E64EF091-F7FD-459C-B984-869AF09334C2}.Ad-Hoc|x64.ActiveCfg = Release|Any CPU
		{E64EF091-F7FD-459C-B984-869AF09334C2}.Ad-Hoc|x64.Build.0 = Release|Any CPU
		{E64EF091-F7FD-459C-B984-869AF09334C2}.Ad-Hoc|x86.ActiveCfg = Release|Any CPU
		{E64EF091-F7FD-459C-B984-869AF09334C2}.Ad-Hoc|x86.Build.0 = Release|Any CPU
		{E64EF091-F7FD-459C-B984-869AF09334C2}.AppStore|Any CPU.ActiveCfg = Release|Any CPU
		{E64EF091-F7FD-459C-B984-869AF09334C2}.AppStore|Any CPU.Build.0 = Release|Any CPU
		{E64EF091-F7FD-459C-B984-869AF09334C2}.AppStore|ARM.ActiveCfg = Release|Any CPU
		{E64EF091-F7FD-459C-B984-869AF09334C2}.AppStore|ARM.Build.0 = Release|Any CPU
		{E64EF091-F7FD-459C-B984-869AF09334C2}.AppStore|iPhone.ActiveCfg = Release|Any CPU
		{E64EF091-F7FD-459C-B984-869AF09334C2}.AppStore|iPhone.Build.0 = Release|Any CPU
		{E64EF091-F7FD-459C-B984-869AF09334C2}.AppStore|iPhoneSimulator.ActiveCfg = Release|Any CPU
		{E64EF091-F7FD-459C-B984-869AF09334C2}.AppStore|iPhoneSimulator.Build.0 = Release|Any CPU
		{E64EF091-F7FD-459C-B984-869AF09334C2}.AppStore|x64.ActiveCfg = Release|Any CPU
		{E64EF091-F7FD-459C-B984-869AF09334C2}.AppStore|x64.Build.0 = Release|Any CPU
		{E64EF091-F7FD-459C-B984-869AF09334C2}.AppStore|x86.ActiveCfg = Release|Any CPU
		{E64EF091-F7FD-459C-B984-869AF09334C2}.AppStore|x86.Build.0 = Release|Any CPU
		{E64EF091-F7FD-459C-B984-869AF09334C2}.Debug|Any CPU.ActiveCfg = Debug|Any CPU
		{E64EF091-F7FD-459C-B984-869AF09334C2}.Debug|Any CPU.Build.0 = Debug|Any CPU
		{E64EF091-F7FD-459C-B984-869AF09334C2}.Debug|ARM.ActiveCfg = Debug|Any CPU
		{E64EF091-F7FD-459C-B984-869AF09334C2}.Debug|ARM.Build.0 = Debug|Any CPU
		{E64EF091-F7FD-459C-B984-869AF09334C2}.Debug|iPhone.ActiveCfg = Debug|Any CPU
		{E64EF091-F7FD-459C-B984-869AF09334C2}.Debug|iPhone.Build.0 = Debug|Any CPU
		{E64EF091-F7FD-459C-B984-869AF09334C2}.Debug|iPhoneSimulator.ActiveCfg = Debug|Any CPU
		{E64EF091-F7FD-459C-B984-869AF09334C2}.Debug|iPhoneSimulator.Build.0 = Debug|Any CPU
		{E64EF091-F7FD-459C-B984-869AF09334C2}.Debug|x64.ActiveCfg = Debug|Any CPU
		{E64EF091-F7FD-459C-B984-869AF09334C2}.Debug|x64.Build.0 = Debug|Any CPU
		{E64EF091-F7FD-459C-B984-869AF09334C2}.Debug|x86.ActiveCfg = Debug|Any CPU
		{E64EF091-F7FD-459C-B984-869AF09334C2}.Debug|x86.Build.0 = Debug|Any CPU
		{E64EF091-F7FD-459C-B984-869AF09334C2}.Release|Any CPU.ActiveCfg = Release|Any CPU
		{E64EF091-F7FD-459C-B984-869AF09334C2}.Release|Any CPU.Build.0 = Release|Any CPU
		{E64EF091-F7FD-459C-B984-869AF09334C2}.Release|ARM.ActiveCfg = Release|Any CPU
		{E64EF091-F7FD-459C-B984-869AF09334C2}.Release|ARM.Build.0 = Release|Any CPU
		{E64EF091-F7FD-459C-B984-869AF09334C2}.Release|iPhone.ActiveCfg = Release|Any CPU
		{E64EF091-F7FD-459C-B984-869AF09334C2}.Release|iPhone.Build.0 = Release|Any CPU
		{E64EF091-F7FD-459C-B984-869AF09334C2}.Release|iPhoneSimulator.ActiveCfg = Release|Any CPU
		{E64EF091-F7FD-459C-B984-869AF09334C2}.Release|iPhoneSimulator.Build.0 = Release|Any CPU
		{E64EF091-F7FD-459C-B984-869AF09334C2}.Release|x64.ActiveCfg = Release|Any CPU
		{E64EF091-F7FD-459C-B984-869AF09334C2}.Release|x64.Build.0 = Release|Any CPU
		{E64EF091-F7FD-459C-B984-869AF09334C2}.Release|x86.ActiveCfg = Release|Any CPU
		{E64EF091-F7FD-459C-B984-869AF09334C2}.Release|x86.Build.0 = Release|Any CPU
		{9E3464B9-C7D6-4DB4-BF33-625C4B1A7927}.Ad-Hoc|Any CPU.ActiveCfg = Release|Any CPU
		{9E3464B9-C7D6-4DB4-BF33-625C4B1A7927}.Ad-Hoc|Any CPU.Build.0 = Release|Any CPU
		{9E3464B9-C7D6-4DB4-BF33-625C4B1A7927}.Ad-Hoc|Any CPU.Deploy.0 = Release|Any CPU
		{9E3464B9-C7D6-4DB4-BF33-625C4B1A7927}.Ad-Hoc|ARM.ActiveCfg = Release|Any CPU
		{9E3464B9-C7D6-4DB4-BF33-625C4B1A7927}.Ad-Hoc|ARM.Build.0 = Release|Any CPU
		{9E3464B9-C7D6-4DB4-BF33-625C4B1A7927}.Ad-Hoc|ARM.Deploy.0 = Release|Any CPU
		{9E3464B9-C7D6-4DB4-BF33-625C4B1A7927}.Ad-Hoc|iPhone.ActiveCfg = Release|Any CPU
		{9E3464B9-C7D6-4DB4-BF33-625C4B1A7927}.Ad-Hoc|iPhone.Build.0 = Release|Any CPU
		{9E3464B9-C7D6-4DB4-BF33-625C4B1A7927}.Ad-Hoc|iPhone.Deploy.0 = Release|Any CPU
		{9E3464B9-C7D6-4DB4-BF33-625C4B1A7927}.Ad-Hoc|iPhoneSimulator.ActiveCfg = Release|Any CPU
		{9E3464B9-C7D6-4DB4-BF33-625C4B1A7927}.Ad-Hoc|iPhoneSimulator.Build.0 = Release|Any CPU
		{9E3464B9-C7D6-4DB4-BF33-625C4B1A7927}.Ad-Hoc|iPhoneSimulator.Deploy.0 = Release|Any CPU
		{9E3464B9-C7D6-4DB4-BF33-625C4B1A7927}.Ad-Hoc|x64.ActiveCfg = Release|Any CPU
		{9E3464B9-C7D6-4DB4-BF33-625C4B1A7927}.Ad-Hoc|x64.Build.0 = Release|Any CPU
		{9E3464B9-C7D6-4DB4-BF33-625C4B1A7927}.Ad-Hoc|x64.Deploy.0 = Release|Any CPU
		{9E3464B9-C7D6-4DB4-BF33-625C4B1A7927}.Ad-Hoc|x86.ActiveCfg = Release|Any CPU
		{9E3464B9-C7D6-4DB4-BF33-625C4B1A7927}.Ad-Hoc|x86.Build.0 = Release|Any CPU
		{9E3464B9-C7D6-4DB4-BF33-625C4B1A7927}.Ad-Hoc|x86.Deploy.0 = Release|Any CPU
		{9E3464B9-C7D6-4DB4-BF33-625C4B1A7927}.AppStore|Any CPU.ActiveCfg = Release|Any CPU
		{9E3464B9-C7D6-4DB4-BF33-625C4B1A7927}.AppStore|Any CPU.Build.0 = Release|Any CPU
		{9E3464B9-C7D6-4DB4-BF33-625C4B1A7927}.AppStore|Any CPU.Deploy.0 = Release|Any CPU
		{9E3464B9-C7D6-4DB4-BF33-625C4B1A7927}.AppStore|ARM.ActiveCfg = Release|Any CPU
		{9E3464B9-C7D6-4DB4-BF33-625C4B1A7927}.AppStore|ARM.Build.0 = Release|Any CPU
		{9E3464B9-C7D6-4DB4-BF33-625C4B1A7927}.AppStore|ARM.Deploy.0 = Release|Any CPU
		{9E3464B9-C7D6-4DB4-BF33-625C4B1A7927}.AppStore|iPhone.ActiveCfg = Release|Any CPU
		{9E3464B9-C7D6-4DB4-BF33-625C4B1A7927}.AppStore|iPhone.Build.0 = Release|Any CPU
		{9E3464B9-C7D6-4DB4-BF33-625C4B1A7927}.AppStore|iPhone.Deploy.0 = Release|Any CPU
		{9E3464B9-C7D6-4DB4-BF33-625C4B1A7927}.AppStore|iPhoneSimulator.ActiveCfg = Release|Any CPU
		{9E3464B9-C7D6-4DB4-BF33-625C4B1A7927}.AppStore|iPhoneSimulator.Build.0 = Release|Any CPU
		{9E3464B9-C7D6-4DB4-BF33-625C4B1A7927}.AppStore|iPhoneSimulator.Deploy.0 = Release|Any CPU
		{9E3464B9-C7D6-4DB4-BF33-625C4B1A7927}.AppStore|x64.ActiveCfg = Release|Any CPU
		{9E3464B9-C7D6-4DB4-BF33-625C4B1A7927}.AppStore|x64.Build.0 = Release|Any CPU
		{9E3464B9-C7D6-4DB4-BF33-625C4B1A7927}.AppStore|x64.Deploy.0 = Release|Any CPU
		{9E3464B9-C7D6-4DB4-BF33-625C4B1A7927}.AppStore|x86.ActiveCfg = Release|Any CPU
		{9E3464B9-C7D6-4DB4-BF33-625C4B1A7927}.AppStore|x86.Build.0 = Release|Any CPU
		{9E3464B9-C7D6-4DB4-BF33-625C4B1A7927}.AppStore|x86.Deploy.0 = Release|Any CPU
		{9E3464B9-C7D6-4DB4-BF33-625C4B1A7927}.Debug|Any CPU.ActiveCfg = Debug|Any CPU
		{9E3464B9-C7D6-4DB4-BF33-625C4B1A7927}.Debug|Any CPU.Build.0 = Debug|Any CPU
		{9E3464B9-C7D6-4DB4-BF33-625C4B1A7927}.Debug|Any CPU.Deploy.0 = Debug|Any CPU
		{9E3464B9-C7D6-4DB4-BF33-625C4B1A7927}.Debug|ARM.ActiveCfg = Debug|Any CPU
		{9E3464B9-C7D6-4DB4-BF33-625C4B1A7927}.Debug|ARM.Build.0 = Debug|Any CPU
		{9E3464B9-C7D6-4DB4-BF33-625C4B1A7927}.Debug|ARM.Deploy.0 = Debug|Any CPU
		{9E3464B9-C7D6-4DB4-BF33-625C4B1A7927}.Debug|iPhone.ActiveCfg = Debug|Any CPU
		{9E3464B9-C7D6-4DB4-BF33-625C4B1A7927}.Debug|iPhone.Build.0 = Debug|Any CPU
		{9E3464B9-C7D6-4DB4-BF33-625C4B1A7927}.Debug|iPhone.Deploy.0 = Debug|Any CPU
		{9E3464B9-C7D6-4DB4-BF33-625C4B1A7927}.Debug|iPhoneSimulator.ActiveCfg = Debug|Any CPU
		{9E3464B9-C7D6-4DB4-BF33-625C4B1A7927}.Debug|iPhoneSimulator.Build.0 = Debug|Any CPU
		{9E3464B9-C7D6-4DB4-BF33-625C4B1A7927}.Debug|iPhoneSimulator.Deploy.0 = Debug|Any CPU
		{9E3464B9-C7D6-4DB4-BF33-625C4B1A7927}.Debug|x64.ActiveCfg = Debug|Any CPU
		{9E3464B9-C7D6-4DB4-BF33-625C4B1A7927}.Debug|x64.Build.0 = Debug|Any CPU
		{9E3464B9-C7D6-4DB4-BF33-625C4B1A7927}.Debug|x64.Deploy.0 = Debug|Any CPU
		{9E3464B9-C7D6-4DB4-BF33-625C4B1A7927}.Debug|x86.ActiveCfg = Debug|Any CPU
		{9E3464B9-C7D6-4DB4-BF33-625C4B1A7927}.Debug|x86.Build.0 = Debug|Any CPU
		{9E3464B9-C7D6-4DB4-BF33-625C4B1A7927}.Debug|x86.Deploy.0 = Debug|Any CPU
		{9E3464B9-C7D6-4DB4-BF33-625C4B1A7927}.Release|Any CPU.ActiveCfg = Release|Any CPU
		{9E3464B9-C7D6-4DB4-BF33-625C4B1A7927}.Release|Any CPU.Build.0 = Release|Any CPU
		{9E3464B9-C7D6-4DB4-BF33-625C4B1A7927}.Release|Any CPU.Deploy.0 = Release|Any CPU
		{9E3464B9-C7D6-4DB4-BF33-625C4B1A7927}.Release|ARM.ActiveCfg = Release|Any CPU
		{9E3464B9-C7D6-4DB4-BF33-625C4B1A7927}.Release|ARM.Build.0 = Release|Any CPU
		{9E3464B9-C7D6-4DB4-BF33-625C4B1A7927}.Release|ARM.Deploy.0 = Release|Any CPU
		{9E3464B9-C7D6-4DB4-BF33-625C4B1A7927}.Release|iPhone.ActiveCfg = Release|Any CPU
		{9E3464B9-C7D6-4DB4-BF33-625C4B1A7927}.Release|iPhone.Build.0 = Release|Any CPU
		{9E3464B9-C7D6-4DB4-BF33-625C4B1A7927}.Release|iPhone.Deploy.0 = Release|Any CPU
		{9E3464B9-C7D6-4DB4-BF33-625C4B1A7927}.Release|iPhoneSimulator.ActiveCfg = Release|Any CPU
		{9E3464B9-C7D6-4DB4-BF33-625C4B1A7927}.Release|iPhoneSimulator.Build.0 = Release|Any CPU
		{9E3464B9-C7D6-4DB4-BF33-625C4B1A7927}.Release|iPhoneSimulator.Deploy.0 = Release|Any CPU
		{9E3464B9-C7D6-4DB4-BF33-625C4B1A7927}.Release|x64.ActiveCfg = Release|Any CPU
		{9E3464B9-C7D6-4DB4-BF33-625C4B1A7927}.Release|x64.Build.0 = Release|Any CPU
		{9E3464B9-C7D6-4DB4-BF33-625C4B1A7927}.Release|x64.Deploy.0 = Release|Any CPU
		{9E3464B9-C7D6-4DB4-BF33-625C4B1A7927}.Release|x86.ActiveCfg = Release|Any CPU
		{9E3464B9-C7D6-4DB4-BF33-625C4B1A7927}.Release|x86.Build.0 = Release|Any CPU
		{9E3464B9-C7D6-4DB4-BF33-625C4B1A7927}.Release|x86.Deploy.0 = Release|Any CPU
		{27154D7D-4DFA-44DF-A084-A36DD414C5EA}.Ad-Hoc|Any CPU.ActiveCfg = Ad-Hoc|iPhone
		{27154D7D-4DFA-44DF-A084-A36DD414C5EA}.Ad-Hoc|ARM.ActiveCfg = Ad-Hoc|iPhone
		{27154D7D-4DFA-44DF-A084-A36DD414C5EA}.Ad-Hoc|iPhone.ActiveCfg = Ad-Hoc|iPhone
		{27154D7D-4DFA-44DF-A084-A36DD414C5EA}.Ad-Hoc|iPhone.Build.0 = Ad-Hoc|iPhone
		{27154D7D-4DFA-44DF-A084-A36DD414C5EA}.Ad-Hoc|iPhoneSimulator.ActiveCfg = Ad-Hoc|iPhoneSimulator
		{27154D7D-4DFA-44DF-A084-A36DD414C5EA}.Ad-Hoc|iPhoneSimulator.Build.0 = Ad-Hoc|iPhoneSimulator
		{27154D7D-4DFA-44DF-A084-A36DD414C5EA}.Ad-Hoc|x64.ActiveCfg = Ad-Hoc|iPhone
		{27154D7D-4DFA-44DF-A084-A36DD414C5EA}.Ad-Hoc|x86.ActiveCfg = Ad-Hoc|iPhone
		{27154D7D-4DFA-44DF-A084-A36DD414C5EA}.AppStore|Any CPU.ActiveCfg = AppStore|iPhone
		{27154D7D-4DFA-44DF-A084-A36DD414C5EA}.AppStore|ARM.ActiveCfg = AppStore|iPhone
		{27154D7D-4DFA-44DF-A084-A36DD414C5EA}.AppStore|iPhone.ActiveCfg = AppStore|iPhone
		{27154D7D-4DFA-44DF-A084-A36DD414C5EA}.AppStore|iPhone.Build.0 = AppStore|iPhone
		{27154D7D-4DFA-44DF-A084-A36DD414C5EA}.AppStore|iPhoneSimulator.ActiveCfg = AppStore|iPhoneSimulator
		{27154D7D-4DFA-44DF-A084-A36DD414C5EA}.AppStore|iPhoneSimulator.Build.0 = AppStore|iPhoneSimulator
		{27154D7D-4DFA-44DF-A084-A36DD414C5EA}.AppStore|x64.ActiveCfg = AppStore|iPhone
		{27154D7D-4DFA-44DF-A084-A36DD414C5EA}.AppStore|x86.ActiveCfg = AppStore|iPhone
		{27154D7D-4DFA-44DF-A084-A36DD414C5EA}.Debug|Any CPU.ActiveCfg = Debug|iPhone
		{27154D7D-4DFA-44DF-A084-A36DD414C5EA}.Debug|ARM.ActiveCfg = Debug|iPhone
		{27154D7D-4DFA-44DF-A084-A36DD414C5EA}.Debug|iPhone.ActiveCfg = Debug|iPhone
		{27154D7D-4DFA-44DF-A084-A36DD414C5EA}.Debug|iPhone.Build.0 = Debug|iPhone
		{27154D7D-4DFA-44DF-A084-A36DD414C5EA}.Debug|iPhoneSimulator.ActiveCfg = Debug|iPhoneSimulator
		{27154D7D-4DFA-44DF-A084-A36DD414C5EA}.Debug|iPhoneSimulator.Build.0 = Debug|iPhoneSimulator
		{27154D7D-4DFA-44DF-A084-A36DD414C5EA}.Debug|x64.ActiveCfg = Debug|iPhone
		{27154D7D-4DFA-44DF-A084-A36DD414C5EA}.Debug|x86.ActiveCfg = Debug|iPhone
		{27154D7D-4DFA-44DF-A084-A36DD414C5EA}.Release|Any CPU.ActiveCfg = Release|iPhone
		{27154D7D-4DFA-44DF-A084-A36DD414C5EA}.Release|ARM.ActiveCfg = Release|iPhone
		{27154D7D-4DFA-44DF-A084-A36DD414C5EA}.Release|iPhone.ActiveCfg = Release|iPhone
		{27154D7D-4DFA-44DF-A084-A36DD414C5EA}.Release|iPhone.Build.0 = Release|iPhone
		{27154D7D-4DFA-44DF-A084-A36DD414C5EA}.Release|iPhoneSimulator.ActiveCfg = Release|iPhoneSimulator
		{27154D7D-4DFA-44DF-A084-A36DD414C5EA}.Release|iPhoneSimulator.Build.0 = Release|iPhoneSimulator
		{27154D7D-4DFA-44DF-A084-A36DD414C5EA}.Release|x64.ActiveCfg = Release|iPhone
		{27154D7D-4DFA-44DF-A084-A36DD414C5EA}.Release|x86.ActiveCfg = Release|iPhone
		{F4DDC539-F50D-41C7-9DD9-D9D5A05BB6CE}.Ad-Hoc|Any CPU.ActiveCfg = Release|Any CPU
		{F4DDC539-F50D-41C7-9DD9-D9D5A05BB6CE}.Ad-Hoc|Any CPU.Build.0 = Release|Any CPU
		{F4DDC539-F50D-41C7-9DD9-D9D5A05BB6CE}.Ad-Hoc|Any CPU.Deploy.0 = Release|Any CPU
		{F4DDC539-F50D-41C7-9DD9-D9D5A05BB6CE}.Ad-Hoc|ARM.ActiveCfg = Release|ARM
		{F4DDC539-F50D-41C7-9DD9-D9D5A05BB6CE}.Ad-Hoc|ARM.Build.0 = Release|ARM
		{F4DDC539-F50D-41C7-9DD9-D9D5A05BB6CE}.Ad-Hoc|ARM.Deploy.0 = Release|ARM
		{F4DDC539-F50D-41C7-9DD9-D9D5A05BB6CE}.Ad-Hoc|iPhone.ActiveCfg = Release|Any CPU
		{F4DDC539-F50D-41C7-9DD9-D9D5A05BB6CE}.Ad-Hoc|iPhone.Build.0 = Release|Any CPU
		{F4DDC539-F50D-41C7-9DD9-D9D5A05BB6CE}.Ad-Hoc|iPhone.Deploy.0 = Release|Any CPU
		{F4DDC539-F50D-41C7-9DD9-D9D5A05BB6CE}.Ad-Hoc|iPhoneSimulator.ActiveCfg = Release|Any CPU
		{F4DDC539-F50D-41C7-9DD9-D9D5A05BB6CE}.Ad-Hoc|iPhoneSimulator.Build.0 = Release|Any CPU
		{F4DDC539-F50D-41C7-9DD9-D9D5A05BB6CE}.Ad-Hoc|iPhoneSimulator.Deploy.0 = Release|Any CPU
		{F4DDC539-F50D-41C7-9DD9-D9D5A05BB6CE}.Ad-Hoc|x64.ActiveCfg = Release|Any CPU
		{F4DDC539-F50D-41C7-9DD9-D9D5A05BB6CE}.Ad-Hoc|x64.Build.0 = Release|Any CPU
		{F4DDC539-F50D-41C7-9DD9-D9D5A05BB6CE}.Ad-Hoc|x64.Deploy.0 = Release|Any CPU
		{F4DDC539-F50D-41C7-9DD9-D9D5A05BB6CE}.Ad-Hoc|x86.ActiveCfg = Release|x86
		{F4DDC539-F50D-41C7-9DD9-D9D5A05BB6CE}.Ad-Hoc|x86.Build.0 = Release|x86
		{F4DDC539-F50D-41C7-9DD9-D9D5A05BB6CE}.Ad-Hoc|x86.Deploy.0 = Release|x86
		{F4DDC539-F50D-41C7-9DD9-D9D5A05BB6CE}.AppStore|Any CPU.ActiveCfg = Release|Any CPU
		{F4DDC539-F50D-41C7-9DD9-D9D5A05BB6CE}.AppStore|Any CPU.Build.0 = Release|Any CPU
		{F4DDC539-F50D-41C7-9DD9-D9D5A05BB6CE}.AppStore|Any CPU.Deploy.0 = Release|Any CPU
		{F4DDC539-F50D-41C7-9DD9-D9D5A05BB6CE}.AppStore|ARM.ActiveCfg = Release|ARM
		{F4DDC539-F50D-41C7-9DD9-D9D5A05BB6CE}.AppStore|ARM.Build.0 = Release|ARM
		{F4DDC539-F50D-41C7-9DD9-D9D5A05BB6CE}.AppStore|ARM.Deploy.0 = Release|ARM
		{F4DDC539-F50D-41C7-9DD9-D9D5A05BB6CE}.AppStore|iPhone.ActiveCfg = Release|Any CPU
		{F4DDC539-F50D-41C7-9DD9-D9D5A05BB6CE}.AppStore|iPhone.Build.0 = Release|Any CPU
		{F4DDC539-F50D-41C7-9DD9-D9D5A05BB6CE}.AppStore|iPhone.Deploy.0 = Release|Any CPU
		{F4DDC539-F50D-41C7-9DD9-D9D5A05BB6CE}.AppStore|iPhoneSimulator.ActiveCfg = Release|Any CPU
		{F4DDC539-F50D-41C7-9DD9-D9D5A05BB6CE}.AppStore|iPhoneSimulator.Build.0 = Release|Any CPU
		{F4DDC539-F50D-41C7-9DD9-D9D5A05BB6CE}.AppStore|iPhoneSimulator.Deploy.0 = Release|Any CPU
		{F4DDC539-F50D-41C7-9DD9-D9D5A05BB6CE}.AppStore|x64.ActiveCfg = Release|Any CPU
		{F4DDC539-F50D-41C7-9DD9-D9D5A05BB6CE}.AppStore|x64.Build.0 = Release|Any CPU
		{F4DDC539-F50D-41C7-9DD9-D9D5A05BB6CE}.AppStore|x64.Deploy.0 = Release|Any CPU
		{F4DDC539-F50D-41C7-9DD9-D9D5A05BB6CE}.AppStore|x86.ActiveCfg = Release|x86
		{F4DDC539-F50D-41C7-9DD9-D9D5A05BB6CE}.AppStore|x86.Build.0 = Release|x86
		{F4DDC539-F50D-41C7-9DD9-D9D5A05BB6CE}.AppStore|x86.Deploy.0 = Release|x86
		{F4DDC539-F50D-41C7-9DD9-D9D5A05BB6CE}.Debug|Any CPU.ActiveCfg = Debug|Any CPU
		{F4DDC539-F50D-41C7-9DD9-D9D5A05BB6CE}.Debug|Any CPU.Build.0 = Debug|Any CPU
		{F4DDC539-F50D-41C7-9DD9-D9D5A05BB6CE}.Debug|Any CPU.Deploy.0 = Debug|Any CPU
		{F4DDC539-F50D-41C7-9DD9-D9D5A05BB6CE}.Debug|ARM.ActiveCfg = Debug|ARM
		{F4DDC539-F50D-41C7-9DD9-D9D5A05BB6CE}.Debug|ARM.Build.0 = Debug|ARM
		{F4DDC539-F50D-41C7-9DD9-D9D5A05BB6CE}.Debug|ARM.Deploy.0 = Debug|ARM
		{F4DDC539-F50D-41C7-9DD9-D9D5A05BB6CE}.Debug|iPhone.ActiveCfg = Debug|Any CPU
		{F4DDC539-F50D-41C7-9DD9-D9D5A05BB6CE}.Debug|iPhone.Build.0 = Debug|Any CPU
		{F4DDC539-F50D-41C7-9DD9-D9D5A05BB6CE}.Debug|iPhone.Deploy.0 = Debug|Any CPU
		{F4DDC539-F50D-41C7-9DD9-D9D5A05BB6CE}.Debug|iPhoneSimulator.ActiveCfg = Debug|Any CPU
		{F4DDC539-F50D-41C7-9DD9-D9D5A05BB6CE}.Debug|iPhoneSimulator.Build.0 = Debug|Any CPU
		{F4DDC539-F50D-41C7-9DD9-D9D5A05BB6CE}.Debug|iPhoneSimulator.Deploy.0 = Debug|Any CPU
		{F4DDC539-F50D-41C7-9DD9-D9D5A05BB6CE}.Debug|x64.ActiveCfg = Debug|Any CPU
		{F4DDC539-F50D-41C7-9DD9-D9D5A05BB6CE}.Debug|x64.Build.0 = Debug|Any CPU
		{F4DDC539-F50D-41C7-9DD9-D9D5A05BB6CE}.Debug|x64.Deploy.0 = Debug|Any CPU
		{F4DDC539-F50D-41C7-9DD9-D9D5A05BB6CE}.Debug|x86.ActiveCfg = Debug|x86
		{F4DDC539-F50D-41C7-9DD9-D9D5A05BB6CE}.Debug|x86.Build.0 = Debug|x86
		{F4DDC539-F50D-41C7-9DD9-D9D5A05BB6CE}.Debug|x86.Deploy.0 = Debug|x86
		{F4DDC539-F50D-41C7-9DD9-D9D5A05BB6CE}.Release|Any CPU.ActiveCfg = Release|Any CPU
		{F4DDC539-F50D-41C7-9DD9-D9D5A05BB6CE}.Release|Any CPU.Build.0 = Release|Any CPU
		{F4DDC539-F50D-41C7-9DD9-D9D5A05BB6CE}.Release|Any CPU.Deploy.0 = Release|Any CPU
		{F4DDC539-F50D-41C7-9DD9-D9D5A05BB6CE}.Release|ARM.ActiveCfg = Release|ARM
		{F4DDC539-F50D-41C7-9DD9-D9D5A05BB6CE}.Release|ARM.Build.0 = Release|ARM
		{F4DDC539-F50D-41C7-9DD9-D9D5A05BB6CE}.Release|ARM.Deploy.0 = Release|ARM
		{F4DDC539-F50D-41C7-9DD9-D9D5A05BB6CE}.Release|iPhone.ActiveCfg = Release|Any CPU
		{F4DDC539-F50D-41C7-9DD9-D9D5A05BB6CE}.Release|iPhone.Build.0 = Release|Any CPU
		{F4DDC539-F50D-41C7-9DD9-D9D5A05BB6CE}.Release|iPhone.Deploy.0 = Release|Any CPU
		{F4DDC539-F50D-41C7-9DD9-D9D5A05BB6CE}.Release|iPhoneSimulator.ActiveCfg = Release|Any CPU
		{F4DDC539-F50D-41C7-9DD9-D9D5A05BB6CE}.Release|iPhoneSimulator.Build.0 = Release|Any CPU
		{F4DDC539-F50D-41C7-9DD9-D9D5A05BB6CE}.Release|iPhoneSimulator.Deploy.0 = Release|Any CPU
		{F4DDC539-F50D-41C7-9DD9-D9D5A05BB6CE}.Release|x64.ActiveCfg = Release|Any CPU
		{F4DDC539-F50D-41C7-9DD9-D9D5A05BB6CE}.Release|x64.Build.0 = Release|Any CPU
		{F4DDC539-F50D-41C7-9DD9-D9D5A05BB6CE}.Release|x64.Deploy.0 = Release|Any CPU
		{F4DDC539-F50D-41C7-9DD9-D9D5A05BB6CE}.Release|x86.ActiveCfg = Release|x86
		{F4DDC539-F50D-41C7-9DD9-D9D5A05BB6CE}.Release|x86.Build.0 = Release|x86
		{F4DDC539-F50D-41C7-9DD9-D9D5A05BB6CE}.Release|x86.Deploy.0 = Release|x86
		{3CBB2C53-153C-4950-962C-815E95CDC814}.Ad-Hoc|Any CPU.ActiveCfg = Release|x86
		{3CBB2C53-153C-4950-962C-815E95CDC814}.Ad-Hoc|Any CPU.Build.0 = Release|x86
		{3CBB2C53-153C-4950-962C-815E95CDC814}.Ad-Hoc|Any CPU.Deploy.0 = Release|x86
		{3CBB2C53-153C-4950-962C-815E95CDC814}.Ad-Hoc|ARM.ActiveCfg = Release|ARM
		{3CBB2C53-153C-4950-962C-815E95CDC814}.Ad-Hoc|ARM.Build.0 = Release|ARM
		{3CBB2C53-153C-4950-962C-815E95CDC814}.Ad-Hoc|ARM.Deploy.0 = Release|ARM
		{3CBB2C53-153C-4950-962C-815E95CDC814}.Ad-Hoc|iPhone.ActiveCfg = Release|x86
		{3CBB2C53-153C-4950-962C-815E95CDC814}.Ad-Hoc|iPhone.Build.0 = Release|x86
		{3CBB2C53-153C-4950-962C-815E95CDC814}.Ad-Hoc|iPhone.Deploy.0 = Release|x86
		{3CBB2C53-153C-4950-962C-815E95CDC814}.Ad-Hoc|iPhoneSimulator.ActiveCfg = Release|x86
		{3CBB2C53-153C-4950-962C-815E95CDC814}.Ad-Hoc|iPhoneSimulator.Build.0 = Release|x86
		{3CBB2C53-153C-4950-962C-815E95CDC814}.Ad-Hoc|iPhoneSimulator.Deploy.0 = Release|x86
		{3CBB2C53-153C-4950-962C-815E95CDC814}.Ad-Hoc|x64.ActiveCfg = Release|x64
		{3CBB2C53-153C-4950-962C-815E95CDC814}.Ad-Hoc|x64.Build.0 = Release|x64
		{3CBB2C53-153C-4950-962C-815E95CDC814}.Ad-Hoc|x64.Deploy.0 = Release|x64
		{3CBB2C53-153C-4950-962C-815E95CDC814}.Ad-Hoc|x86.ActiveCfg = Release|x86
		{3CBB2C53-153C-4950-962C-815E95CDC814}.Ad-Hoc|x86.Build.0 = Release|x86
		{3CBB2C53-153C-4950-962C-815E95CDC814}.Ad-Hoc|x86.Deploy.0 = Release|x86
		{3CBB2C53-153C-4950-962C-815E95CDC814}.AppStore|Any CPU.ActiveCfg = Release|x86
		{3CBB2C53-153C-4950-962C-815E95CDC814}.AppStore|Any CPU.Build.0 = Release|x86
		{3CBB2C53-153C-4950-962C-815E95CDC814}.AppStore|Any CPU.Deploy.0 = Release|x86
		{3CBB2C53-153C-4950-962C-815E95CDC814}.AppStore|ARM.ActiveCfg = Release|ARM
		{3CBB2C53-153C-4950-962C-815E95CDC814}.AppStore|ARM.Build.0 = Release|ARM
		{3CBB2C53-153C-4950-962C-815E95CDC814}.AppStore|ARM.Deploy.0 = Release|ARM
		{3CBB2C53-153C-4950-962C-815E95CDC814}.AppStore|iPhone.ActiveCfg = Release|x86
		{3CBB2C53-153C-4950-962C-815E95CDC814}.AppStore|iPhone.Build.0 = Release|x86
		{3CBB2C53-153C-4950-962C-815E95CDC814}.AppStore|iPhone.Deploy.0 = Release|x86
		{3CBB2C53-153C-4950-962C-815E95CDC814}.AppStore|iPhoneSimulator.ActiveCfg = Release|x86
		{3CBB2C53-153C-4950-962C-815E95CDC814}.AppStore|iPhoneSimulator.Build.0 = Release|x86
		{3CBB2C53-153C-4950-962C-815E95CDC814}.AppStore|iPhoneSimulator.Deploy.0 = Release|x86
		{3CBB2C53-153C-4950-962C-815E95CDC814}.AppStore|x64.ActiveCfg = Release|x64
		{3CBB2C53-153C-4950-962C-815E95CDC814}.AppStore|x64.Build.0 = Release|x64
		{3CBB2C53-153C-4950-962C-815E95CDC814}.AppStore|x64.Deploy.0 = Release|x64
		{3CBB2C53-153C-4950-962C-815E95CDC814}.AppStore|x86.ActiveCfg = Release|x86
		{3CBB2C53-153C-4950-962C-815E95CDC814}.AppStore|x86.Build.0 = Release|x86
		{3CBB2C53-153C-4950-962C-815E95CDC814}.AppStore|x86.Deploy.0 = Release|x86
		{3CBB2C53-153C-4950-962C-815E95CDC814}.Debug|Any CPU.ActiveCfg = Debug|x86
		{3CBB2C53-153C-4950-962C-815E95CDC814}.Debug|ARM.ActiveCfg = Debug|ARM
		{3CBB2C53-153C-4950-962C-815E95CDC814}.Debug|ARM.Build.0 = Debug|ARM
		{3CBB2C53-153C-4950-962C-815E95CDC814}.Debug|ARM.Deploy.0 = Debug|ARM
		{3CBB2C53-153C-4950-962C-815E95CDC814}.Debug|iPhone.ActiveCfg = Debug|x86
		{3CBB2C53-153C-4950-962C-815E95CDC814}.Debug|iPhoneSimulator.ActiveCfg = Debug|x86
		{3CBB2C53-153C-4950-962C-815E95CDC814}.Debug|x64.ActiveCfg = Debug|x64
		{3CBB2C53-153C-4950-962C-815E95CDC814}.Debug|x64.Build.0 = Debug|x64
		{3CBB2C53-153C-4950-962C-815E95CDC814}.Debug|x64.Deploy.0 = Debug|x64
		{3CBB2C53-153C-4950-962C-815E95CDC814}.Debug|x86.ActiveCfg = Debug|x86
		{3CBB2C53-153C-4950-962C-815E95CDC814}.Debug|x86.Build.0 = Debug|x86
		{3CBB2C53-153C-4950-962C-815E95CDC814}.Debug|x86.Deploy.0 = Debug|x86
		{3CBB2C53-153C-4950-962C-815E95CDC814}.Release|Any CPU.ActiveCfg = Release|x86
		{3CBB2C53-153C-4950-962C-815E95CDC814}.Release|ARM.ActiveCfg = Release|ARM
		{3CBB2C53-153C-4950-962C-815E95CDC814}.Release|ARM.Build.0 = Release|ARM
		{3CBB2C53-153C-4950-962C-815E95CDC814}.Release|ARM.Deploy.0 = Release|ARM
		{3CBB2C53-153C-4950-962C-815E95CDC814}.Release|iPhone.ActiveCfg = Release|x86
		{3CBB2C53-153C-4950-962C-815E95CDC814}.Release|iPhoneSimulator.ActiveCfg = Release|x86
		{3CBB2C53-153C-4950-962C-815E95CDC814}.Release|x64.ActiveCfg = Release|x64
		{3CBB2C53-153C-4950-962C-815E95CDC814}.Release|x64.Build.0 = Release|x64
		{3CBB2C53-153C-4950-962C-815E95CDC814}.Release|x64.Deploy.0 = Release|x64
		{3CBB2C53-153C-4950-962C-815E95CDC814}.Release|x86.ActiveCfg = Release|x86
		{3CBB2C53-153C-4950-962C-815E95CDC814}.Release|x86.Build.0 = Release|x86
		{3CBB2C53-153C-4950-962C-815E95CDC814}.Release|x86.Deploy.0 = Release|x86
		{A42D5312-BC21-4F3D-B78C-6D970124AFAE}.Ad-Hoc|Any CPU.ActiveCfg = Release|Any CPU
		{A42D5312-BC21-4F3D-B78C-6D970124AFAE}.Ad-Hoc|Any CPU.Build.0 = Release|Any CPU
		{A42D5312-BC21-4F3D-B78C-6D970124AFAE}.Ad-Hoc|Any CPU.Deploy.0 = Release|Any CPU
		{A42D5312-BC21-4F3D-B78C-6D970124AFAE}.Ad-Hoc|ARM.ActiveCfg = Release|ARM
		{A42D5312-BC21-4F3D-B78C-6D970124AFAE}.Ad-Hoc|ARM.Build.0 = Release|ARM
		{A42D5312-BC21-4F3D-B78C-6D970124AFAE}.Ad-Hoc|ARM.Deploy.0 = Release|ARM
		{A42D5312-BC21-4F3D-B78C-6D970124AFAE}.Ad-Hoc|iPhone.ActiveCfg = Release|Any CPU
		{A42D5312-BC21-4F3D-B78C-6D970124AFAE}.Ad-Hoc|iPhone.Build.0 = Release|Any CPU
		{A42D5312-BC21-4F3D-B78C-6D970124AFAE}.Ad-Hoc|iPhone.Deploy.0 = Release|Any CPU
		{A42D5312-BC21-4F3D-B78C-6D970124AFAE}.Ad-Hoc|iPhoneSimulator.ActiveCfg = Release|Any CPU
		{A42D5312-BC21-4F3D-B78C-6D970124AFAE}.Ad-Hoc|iPhoneSimulator.Build.0 = Release|Any CPU
		{A42D5312-BC21-4F3D-B78C-6D970124AFAE}.Ad-Hoc|iPhoneSimulator.Deploy.0 = Release|Any CPU
		{A42D5312-BC21-4F3D-B78C-6D970124AFAE}.Ad-Hoc|x64.ActiveCfg = Release|x64
		{A42D5312-BC21-4F3D-B78C-6D970124AFAE}.Ad-Hoc|x64.Build.0 = Release|x64
		{A42D5312-BC21-4F3D-B78C-6D970124AFAE}.Ad-Hoc|x64.Deploy.0 = Release|x64
		{A42D5312-BC21-4F3D-B78C-6D970124AFAE}.Ad-Hoc|x86.ActiveCfg = Release|x86
		{A42D5312-BC21-4F3D-B78C-6D970124AFAE}.Ad-Hoc|x86.Build.0 = Release|x86
		{A42D5312-BC21-4F3D-B78C-6D970124AFAE}.Ad-Hoc|x86.Deploy.0 = Release|x86
		{A42D5312-BC21-4F3D-B78C-6D970124AFAE}.AppStore|Any CPU.ActiveCfg = Release|Any CPU
		{A42D5312-BC21-4F3D-B78C-6D970124AFAE}.AppStore|Any CPU.Build.0 = Release|Any CPU
		{A42D5312-BC21-4F3D-B78C-6D970124AFAE}.AppStore|Any CPU.Deploy.0 = Release|Any CPU
		{A42D5312-BC21-4F3D-B78C-6D970124AFAE}.AppStore|ARM.ActiveCfg = Release|ARM
		{A42D5312-BC21-4F3D-B78C-6D970124AFAE}.AppStore|ARM.Build.0 = Release|ARM
		{A42D5312-BC21-4F3D-B78C-6D970124AFAE}.AppStore|ARM.Deploy.0 = Release|ARM
		{A42D5312-BC21-4F3D-B78C-6D970124AFAE}.AppStore|iPhone.ActiveCfg = Release|Any CPU
		{A42D5312-BC21-4F3D-B78C-6D970124AFAE}.AppStore|iPhone.Build.0 = Release|Any CPU
		{A42D5312-BC21-4F3D-B78C-6D970124AFAE}.AppStore|iPhone.Deploy.0 = Release|Any CPU
		{A42D5312-BC21-4F3D-B78C-6D970124AFAE}.AppStore|iPhoneSimulator.ActiveCfg = Release|Any CPU
		{A42D5312-BC21-4F3D-B78C-6D970124AFAE}.AppStore|iPhoneSimulator.Build.0 = Release|Any CPU
		{A42D5312-BC21-4F3D-B78C-6D970124AFAE}.AppStore|iPhoneSimulator.Deploy.0 = Release|Any CPU
		{A42D5312-BC21-4F3D-B78C-6D970124AFAE}.AppStore|x64.ActiveCfg = Release|x64
		{A42D5312-BC21-4F3D-B78C-6D970124AFAE}.AppStore|x64.Build.0 = Release|x64
		{A42D5312-BC21-4F3D-B78C-6D970124AFAE}.AppStore|x64.Deploy.0 = Release|x64
		{A42D5312-BC21-4F3D-B78C-6D970124AFAE}.AppStore|x86.ActiveCfg = Release|x86
		{A42D5312-BC21-4F3D-B78C-6D970124AFAE}.AppStore|x86.Build.0 = Release|x86
		{A42D5312-BC21-4F3D-B78C-6D970124AFAE}.AppStore|x86.Deploy.0 = Release|x86
		{A42D5312-BC21-4F3D-B78C-6D970124AFAE}.Debug|Any CPU.ActiveCfg = Debug|Any CPU
		{A42D5312-BC21-4F3D-B78C-6D970124AFAE}.Debug|Any CPU.Build.0 = Debug|Any CPU
		{A42D5312-BC21-4F3D-B78C-6D970124AFAE}.Debug|Any CPU.Deploy.0 = Debug|Any CPU
		{A42D5312-BC21-4F3D-B78C-6D970124AFAE}.Debug|ARM.ActiveCfg = Debug|ARM
		{A42D5312-BC21-4F3D-B78C-6D970124AFAE}.Debug|ARM.Build.0 = Debug|ARM
		{A42D5312-BC21-4F3D-B78C-6D970124AFAE}.Debug|ARM.Deploy.0 = Debug|ARM
		{A42D5312-BC21-4F3D-B78C-6D970124AFAE}.Debug|iPhone.ActiveCfg = Debug|Any CPU
		{A42D5312-BC21-4F3D-B78C-6D970124AFAE}.Debug|iPhone.Build.0 = Debug|Any CPU
		{A42D5312-BC21-4F3D-B78C-6D970124AFAE}.Debug|iPhone.Deploy.0 = Debug|Any CPU
		{A42D5312-BC21-4F3D-B78C-6D970124AFAE}.Debug|iPhoneSimulator.ActiveCfg = Debug|Any CPU
		{A42D5312-BC21-4F3D-B78C-6D970124AFAE}.Debug|iPhoneSimulator.Build.0 = Debug|Any CPU
		{A42D5312-BC21-4F3D-B78C-6D970124AFAE}.Debug|iPhoneSimulator.Deploy.0 = Debug|Any CPU
		{A42D5312-BC21-4F3D-B78C-6D970124AFAE}.Debug|x64.ActiveCfg = Debug|x64
		{A42D5312-BC21-4F3D-B78C-6D970124AFAE}.Debug|x64.Build.0 = Debug|x64
		{A42D5312-BC21-4F3D-B78C-6D970124AFAE}.Debug|x64.Deploy.0 = Debug|x64
		{A42D5312-BC21-4F3D-B78C-6D970124AFAE}.Debug|x86.ActiveCfg = Debug|x86
		{A42D5312-BC21-4F3D-B78C-6D970124AFAE}.Debug|x86.Build.0 = Debug|x86
		{A42D5312-BC21-4F3D-B78C-6D970124AFAE}.Debug|x86.Deploy.0 = Debug|x86
		{A42D5312-BC21-4F3D-B78C-6D970124AFAE}.Release|Any CPU.ActiveCfg = Release|Any CPU
		{A42D5312-BC21-4F3D-B78C-6D970124AFAE}.Release|Any CPU.Build.0 = Release|Any CPU
		{A42D5312-BC21-4F3D-B78C-6D970124AFAE}.Release|Any CPU.Deploy.0 = Release|Any CPU
		{A42D5312-BC21-4F3D-B78C-6D970124AFAE}.Release|ARM.ActiveCfg = Release|ARM
		{A42D5312-BC21-4F3D-B78C-6D970124AFAE}.Release|ARM.Build.0 = Release|ARM
		{A42D5312-BC21-4F3D-B78C-6D970124AFAE}.Release|ARM.Deploy.0 = Release|ARM
		{A42D5312-BC21-4F3D-B78C-6D970124AFAE}.Release|iPhone.ActiveCfg = Release|Any CPU
		{A42D5312-BC21-4F3D-B78C-6D970124AFAE}.Release|iPhone.Build.0 = Release|Any CPU
		{A42D5312-BC21-4F3D-B78C-6D970124AFAE}.Release|iPhone.Deploy.0 = Release|Any CPU
		{A42D5312-BC21-4F3D-B78C-6D970124AFAE}.Release|iPhoneSimulator.ActiveCfg = Release|Any CPU
		{A42D5312-BC21-4F3D-B78C-6D970124AFAE}.Release|iPhoneSimulator.Build.0 = Release|Any CPU
		{A42D5312-BC21-4F3D-B78C-6D970124AFAE}.Release|iPhoneSimulator.Deploy.0 = Release|Any CPU
		{A42D5312-BC21-4F3D-B78C-6D970124AFAE}.Release|x64.ActiveCfg = Release|x64
		{A42D5312-BC21-4F3D-B78C-6D970124AFAE}.Release|x64.Build.0 = Release|x64
		{A42D5312-BC21-4F3D-B78C-6D970124AFAE}.Release|x64.Deploy.0 = Release|x64
		{A42D5312-BC21-4F3D-B78C-6D970124AFAE}.Release|x86.ActiveCfg = Release|x86
		{A42D5312-BC21-4F3D-B78C-6D970124AFAE}.Release|x86.Build.0 = Release|x86
		{A42D5312-BC21-4F3D-B78C-6D970124AFAE}.Release|x86.Deploy.0 = Release|x86
	EndGlobalSection
	GlobalSection(SolutionProperties) = preSolution
		HideSolutionNode = FALSE
	EndGlobalSection
EndGlobal
