
Microsoft Visual Studio Solution File, Format Version 12.00
# Visual Studio 14
VisualStudioVersion = 14.0.25420.1
MinimumVisualStudioVersion = 10.0.40219.1
Project("{FAE04EC0-301F-11D3-BF4B-00C04F79EFBC}") = "XFStackHidden", "XFStackHidden\XFStackHidden\XFStackHidden.csproj", "{1925996F-9CAD-4737-B3DB-B4B8E1DD1165}"
EndProject
Project("{FAE04EC0-301F-11D3-BF4B-00C04F79EFBC}") = "XFStackHidden.Droid", "XFStackHidden\XFStackHidden.Droid\XFStackHidden.Droid.csproj", "{F4C139B9-644D-4C19-8314-8D657C9A1C29}"
EndProject
Project("{FAE04EC0-301F-11D3-BF4B-00C04F79EFBC}") = "XFStackHidden.iOS", "XFStackHidden\XFStackHidden.iOS\XFStackHidden.iOS.csproj", "{E56CB5BA-641A-4623-A9F9-274A7E1B1CB8}"
EndProject
Project("{FAE04EC0-301F-11D3-BF4B-00C04F79EFBC}") = "XFStackHidden.UWP", "XFStackHidden\XFStackHidden.UWP\XFStackHidden.UWP.csproj", "{68B0DB7A-2740-4097-BE30-698D7856813C}"
EndProject
Global
	GlobalSection(SolutionConfigurationPlatforms) = preSolution
		Ad-Hoc|Any CPU = Ad-Hoc|Any CPU
		Ad-Hoc|ARM = Ad-Hoc|ARM
		Ad-Hoc|iPhone = Ad-Hoc|iPhone
		Ad-Hoc|iPhoneSimulator = Ad-Hoc|iPhoneSimulator
		Ad-Hoc|x64 = Ad-Hoc|x64
		Ad-Hoc|x86 = Ad-Hoc|x86
		AppStore|Any CPU = AppStore|Any CPU
		AppStore|ARM = AppStore|ARM
		AppStore|iPhone = AppStore|iPhone
		AppStore|iPhoneSimulator = AppStore|iPhoneSimulator
		AppStore|x64 = AppStore|x64
		AppStore|x86 = AppStore|x86
		Debug|Any CPU = Debug|Any CPU
		Debug|ARM = Debug|ARM
		Debug|iPhone = Debug|iPhone
		Debug|iPhoneSimulator = Debug|iPhoneSimulator
		Debug|x64 = Debug|x64
		Debug|x86 = Debug|x86
		Release|Any CPU = Release|Any CPU
		Release|ARM = Release|ARM
		Release|iPhone = Release|iPhone
		Release|iPhoneSimulator = Release|iPhoneSimulator
		Release|x64 = Release|x64
		Release|x86 = Release|x86
	EndGlobalSection
	GlobalSection(ProjectConfigurationPlatforms) = postSolution
		{1925996F-9CAD-4737-B3DB-B4B8E1DD1165}.Ad-Hoc|Any CPU.ActiveCfg = Release|Any CPU
		{1925996F-9CAD-4737-B3DB-B4B8E1DD1165}.Ad-Hoc|Any CPU.Build.0 = Release|Any CPU
		{1925996F-9CAD-4737-B3DB-B4B8E1DD1165}.Ad-Hoc|ARM.ActiveCfg = Release|Any CPU
		{1925996F-9CAD-4737-B3DB-B4B8E1DD1165}.Ad-Hoc|ARM.Build.0 = Release|Any CPU
		{1925996F-9CAD-4737-B3DB-B4B8E1DD1165}.Ad-Hoc|iPhone.ActiveCfg = Release|Any CPU
		{1925996F-9CAD-4737-B3DB-B4B8E1DD1165}.Ad-Hoc|iPhone.Build.0 = Release|Any CPU
		{1925996F-9CAD-4737-B3DB-B4B8E1DD1165}.Ad-Hoc|iPhoneSimulator.ActiveCfg = Release|Any CPU
		{1925996F-9CAD-4737-B3DB-B4B8E1DD1165}.Ad-Hoc|iPhoneSimulator.Build.0 = Release|Any CPU
		{1925996F-9CAD-4737-B3DB-B4B8E1DD1165}.Ad-Hoc|x64.ActiveCfg = Release|Any CPU
		{1925996F-9CAD-4737-B3DB-B4B8E1DD1165}.Ad-Hoc|x64.Build.0 = Release|Any CPU
		{1925996F-9CAD-4737-B3DB-B4B8E1DD1165}.Ad-Hoc|x86.ActiveCfg = Release|Any CPU
		{1925996F-9CAD-4737-B3DB-B4B8E1DD1165}.Ad-Hoc|x86.Build.0 = Release|Any CPU
		{1925996F-9CAD-4737-B3DB-B4B8E1DD1165}.AppStore|Any CPU.ActiveCfg = Release|Any CPU
		{1925996F-9CAD-4737-B3DB-B4B8E1DD1165}.AppStore|Any CPU.Build.0 = Release|Any CPU
		{1925996F-9CAD-4737-B3DB-B4B8E1DD1165}.AppStore|ARM.ActiveCfg = Release|Any CPU
		{1925996F-9CAD-4737-B3DB-B4B8E1DD1165}.AppStore|ARM.Build.0 = Release|Any CPU
		{1925996F-9CAD-4737-B3DB-B4B8E1DD1165}.AppStore|iPhone.ActiveCfg = Release|Any CPU
		{1925996F-9CAD-4737-B3DB-B4B8E1DD1165}.AppStore|iPhone.Build.0 = Release|Any CPU
		{1925996F-9CAD-4737-B3DB-B4B8E1DD1165}.AppStore|iPhoneSimulator.ActiveCfg = Release|Any CPU
		{1925996F-9CAD-4737-B3DB-B4B8E1DD1165}.AppStore|iPhoneSimulator.Build.0 = Release|Any CPU
		{1925996F-9CAD-4737-B3DB-B4B8E1DD1165}.AppStore|x64.ActiveCfg = Release|Any CPU
		{1925996F-9CAD-4737-B3DB-B4B8E1DD1165}.AppStore|x64.Build.0 = Release|Any CPU
		{1925996F-9CAD-4737-B3DB-B4B8E1DD1165}.AppStore|x86.ActiveCfg = Release|Any CPU
		{1925996F-9CAD-4737-B3DB-B4B8E1DD1165}.AppStore|x86.Build.0 = Release|Any CPU
		{1925996F-9CAD-4737-B3DB-B4B8E1DD1165}.Debug|Any CPU.ActiveCfg = Debug|Any CPU
		{1925996F-9CAD-4737-B3DB-B4B8E1DD1165}.Debug|Any CPU.Build.0 = Debug|Any CPU
		{1925996F-9CAD-4737-B3DB-B4B8E1DD1165}.Debug|ARM.ActiveCfg = Debug|Any CPU
		{1925996F-9CAD-4737-B3DB-B4B8E1DD1165}.Debug|ARM.Build.0 = Debug|Any CPU
		{1925996F-9CAD-4737-B3DB-B4B8E1DD1165}.Debug|iPhone.ActiveCfg = Debug|Any CPU
		{1925996F-9CAD-4737-B3DB-B4B8E1DD1165}.Debug|iPhone.Build.0 = Debug|Any CPU
		{1925996F-9CAD-4737-B3DB-B4B8E1DD1165}.Debug|iPhoneSimulator.ActiveCfg = Debug|Any CPU
		{1925996F-9CAD-4737-B3DB-B4B8E1DD1165}.Debug|iPhoneSimulator.Build.0 = Debug|Any CPU
		{1925996F-9CAD-4737-B3DB-B4B8E1DD1165}.Debug|x64.ActiveCfg = Debug|Any CPU
		{1925996F-9CAD-4737-B3DB-B4B8E1DD1165}.Debug|x64.Build.0 = Debug|Any CPU
		{1925996F-9CAD-4737-B3DB-B4B8E1DD1165}.Debug|x86.ActiveCfg = Debug|Any CPU
		{1925996F-9CAD-4737-B3DB-B4B8E1DD1165}.Debug|x86.Build.0 = Debug|Any CPU
		{1925996F-9CAD-4737-B3DB-B4B8E1DD1165}.Release|Any CPU.ActiveCfg = Release|Any CPU
		{1925996F-9CAD-4737-B3DB-B4B8E1DD1165}.Release|Any CPU.Build.0 = Release|Any CPU
		{1925996F-9CAD-4737-B3DB-B4B8E1DD1165}.Release|ARM.ActiveCfg = Release|Any CPU
		{1925996F-9CAD-4737-B3DB-B4B8E1DD1165}.Release|ARM.Build.0 = Release|Any CPU
		{1925996F-9CAD-4737-B3DB-B4B8E1DD1165}.Release|iPhone.ActiveCfg = Release|Any CPU
		{1925996F-9CAD-4737-B3DB-B4B8E1DD1165}.Release|iPhone.Build.0 = Release|Any CPU
		{1925996F-9CAD-4737-B3DB-B4B8E1DD1165}.Release|iPhoneSimulator.ActiveCfg = Release|Any CPU
		{1925996F-9CAD-4737-B3DB-B4B8E1DD1165}.Release|iPhoneSimulator.Build.0 = Release|Any CPU
		{1925996F-9CAD-4737-B3DB-B4B8E1DD1165}.Release|x64.ActiveCfg = Release|Any CPU
		{1925996F-9CAD-4737-B3DB-B4B8E1DD1165}.Release|x64.Build.0 = Release|Any CPU
		{1925996F-9CAD-4737-B3DB-B4B8E1DD1165}.Release|x86.ActiveCfg = Release|Any CPU
		{1925996F-9CAD-4737-B3DB-B4B8E1DD1165}.Release|x86.Build.0 = Release|Any CPU
		{F4C139B9-644D-4C19-8314-8D657C9A1C29}.Ad-Hoc|Any CPU.ActiveCfg = Release|Any CPU
		{F4C139B9-644D-4C19-8314-8D657C9A1C29}.Ad-Hoc|Any CPU.Build.0 = Release|Any CPU
		{F4C139B9-644D-4C19-8314-8D657C9A1C29}.Ad-Hoc|Any CPU.Deploy.0 = Release|Any CPU
		{F4C139B9-644D-4C19-8314-8D657C9A1C29}.Ad-Hoc|ARM.ActiveCfg = Release|Any CPU
		{F4C139B9-644D-4C19-8314-8D657C9A1C29}.Ad-Hoc|ARM.Build.0 = Release|Any CPU
		{F4C139B9-644D-4C19-8314-8D657C9A1C29}.Ad-Hoc|ARM.Deploy.0 = Release|Any CPU
		{F4C139B9-644D-4C19-8314-8D657C9A1C29}.Ad-Hoc|iPhone.ActiveCfg = Release|Any CPU
		{F4C139B9-644D-4C19-8314-8D657C9A1C29}.Ad-Hoc|iPhone.Build.0 = Release|Any CPU
		{F4C139B9-644D-4C19-8314-8D657C9A1C29}.Ad-Hoc|iPhone.Deploy.0 = Release|Any CPU
		{F4C139B9-644D-4C19-8314-8D657C9A1C29}.Ad-Hoc|iPhoneSimulator.ActiveCfg = Release|Any CPU
		{F4C139B9-644D-4C19-8314-8D657C9A1C29}.Ad-Hoc|iPhoneSimulator.Build.0 = Release|Any CPU
		{F4C139B9-644D-4C19-8314-8D657C9A1C29}.Ad-Hoc|iPhoneSimulator.Deploy.0 = Release|Any CPU
		{F4C139B9-644D-4C19-8314-8D657C9A1C29}.Ad-Hoc|x64.ActiveCfg = Release|Any CPU
		{F4C139B9-644D-4C19-8314-8D657C9A1C29}.Ad-Hoc|x64.Build.0 = Release|Any CPU
		{F4C139B9-644D-4C19-8314-8D657C9A1C29}.Ad-Hoc|x64.Deploy.0 = Release|Any CPU
		{F4C139B9-644D-4C19-8314-8D657C9A1C29}.Ad-Hoc|x86.ActiveCfg = Release|Any CPU
		{F4C139B9-644D-4C19-8314-8D657C9A1C29}.Ad-Hoc|x86.Build.0 = Release|Any CPU
		{F4C139B9-644D-4C19-8314-8D657C9A1C29}.Ad-Hoc|x86.Deploy.0 = Release|Any CPU
		{F4C139B9-644D-4C19-8314-8D657C9A1C29}.AppStore|Any CPU.ActiveCfg = Release|Any CPU
		{F4C139B9-644D-4C19-8314-8D657C9A1C29}.AppStore|Any CPU.Build.0 = Release|Any CPU
		{F4C139B9-644D-4C19-8314-8D657C9A1C29}.AppStore|Any CPU.Deploy.0 = Release|Any CPU
		{F4C139B9-644D-4C19-8314-8D657C9A1C29}.AppStore|ARM.ActiveCfg = Release|Any CPU
		{F4C139B9-644D-4C19-8314-8D657C9A1C29}.AppStore|ARM.Build.0 = Release|Any CPU
		{F4C139B9-644D-4C19-8314-8D657C9A1C29}.AppStore|ARM.Deploy.0 = Release|Any CPU
		{F4C139B9-644D-4C19-8314-8D657C9A1C29}.AppStore|iPhone.ActiveCfg = Release|Any CPU
		{F4C139B9-644D-4C19-8314-8D657C9A1C29}.AppStore|iPhone.Build.0 = Release|Any CPU
		{F4C139B9-644D-4C19-8314-8D657C9A1C29}.AppStore|iPhone.Deploy.0 = Release|Any CPU
		{F4C139B9-644D-4C19-8314-8D657C9A1C29}.AppStore|iPhoneSimulator.ActiveCfg = Release|Any CPU
		{F4C139B9-644D-4C19-8314-8D657C9A1C29}.AppStore|iPhoneSimulator.Build.0 = Release|Any CPU
		{F4C139B9-644D-4C19-8314-8D657C9A1C29}.AppStore|iPhoneSimulator.Deploy.0 = Release|Any CPU
		{F4C139B9-644D-4C19-8314-8D657C9A1C29}.AppStore|x64.ActiveCfg = Release|Any CPU
		{F4C139B9-644D-4C19-8314-8D657C9A1C29}.AppStore|x64.Build.0 = Release|Any CPU
		{F4C139B9-644D-4C19-8314-8D657C9A1C29}.AppStore|x64.Deploy.0 = Release|Any CPU
		{F4C139B9-644D-4C19-8314-8D657C9A1C29}.AppStore|x86.ActiveCfg = Release|Any CPU
		{F4C139B9-644D-4C19-8314-8D657C9A1C29}.AppStore|x86.Build.0 = Release|Any CPU
		{F4C139B9-644D-4C19-8314-8D657C9A1C29}.AppStore|x86.Deploy.0 = Release|Any CPU
		{F4C139B9-644D-4C19-8314-8D657C9A1C29}.Debug|Any CPU.ActiveCfg = Debug|Any CPU
		{F4C139B9-644D-4C19-8314-8D657C9A1C29}.Debug|Any CPU.Build.0 = Debug|Any CPU
		{F4C139B9-644D-4C19-8314-8D657C9A1C29}.Debug|Any CPU.Deploy.0 = Debug|Any CPU
		{F4C139B9-644D-4C19-8314-8D657C9A1C29}.Debug|ARM.ActiveCfg = Debug|Any CPU
		{F4C139B9-644D-4C19-8314-8D657C9A1C29}.Debug|ARM.Build.0 = Debug|Any CPU
		{F4C139B9-644D-4C19-8314-8D657C9A1C29}.Debug|ARM.Deploy.0 = Debug|Any CPU
		{F4C139B9-644D-4C19-8314-8D657C9A1C29}.Debug|iPhone.ActiveCfg = Debug|Any CPU
		{F4C139B9-644D-4C19-8314-8D657C9A1C29}.Debug|iPhone.Build.0 = Debug|Any CPU
		{F4C139B9-644D-4C19-8314-8D657C9A1C29}.Debug|iPhone.Deploy.0 = Debug|Any CPU
		{F4C139B9-644D-4C19-8314-8D657C9A1C29}.Debug|iPhoneSimulator.ActiveCfg = Debug|Any CPU
		{F4C139B9-644D-4C19-8314-8D657C9A1C29}.Debug|iPhoneSimulator.Build.0 = Debug|Any CPU
		{F4C139B9-644D-4C19-8314-8D657C9A1C29}.Debug|iPhoneSimulator.Deploy.0 = Debug|Any CPU
		{F4C139B9-644D-4C19-8314-8D657C9A1C29}.Debug|x64.ActiveCfg = Debug|Any CPU
		{F4C139B9-644D-4C19-8314-8D657C9A1C29}.Debug|x64.Build.0 = Debug|Any CPU
		{F4C139B9-644D-4C19-8314-8D657C9A1C29}.Debug|x64.Deploy.0 = Debug|Any CPU
		{F4C139B9-644D-4C19-8314-8D657C9A1C29}.Debug|x86.ActiveCfg = Debug|Any CPU
		{F4C139B9-644D-4C19-8314-8D657C9A1C29}.Debug|x86.Build.0 = Debug|Any CPU
		{F4C139B9-644D-4C19-8314-8D657C9A1C29}.Debug|x86.Deploy.0 = Debug|Any CPU
		{F4C139B9-644D-4C19-8314-8D657C9A1C29}.Release|Any CPU.ActiveCfg = Release|Any CPU
		{F4C139B9-644D-4C19-8314-8D657C9A1C29}.Release|Any CPU.Build.0 = Release|Any CPU
		{F4C139B9-644D-4C19-8314-8D657C9A1C29}.Release|Any CPU.Deploy.0 = Release|Any CPU
		{F4C139B9-644D-4C19-8314-8D657C9A1C29}.Release|ARM.ActiveCfg = Release|Any CPU
		{F4C139B9-644D-4C19-8314-8D657C9A1C29}.Release|ARM.Build.0 = Release|Any CPU
		{F4C139B9-644D-4C19-8314-8D657C9A1C29}.Release|ARM.Deploy.0 = Release|Any CPU
		{F4C139B9-644D-4C19-8314-8D657C9A1C29}.Release|iPhone.ActiveCfg = Release|Any CPU
		{F4C139B9-644D-4C19-8314-8D657C9A1C29}.Release|iPhone.Build.0 = Release|Any CPU
		{F4C139B9-644D-4C19-8314-8D657C9A1C29}.Release|iPhone.Deploy.0 = Release|Any CPU
		{F4C139B9-644D-4C19-8314-8D657C9A1C29}.Release|iPhoneSimulator.ActiveCfg = Release|Any CPU
		{F4C139B9-644D-4C19-8314-8D657C9A1C29}.Release|iPhoneSimulator.Build.0 = Release|Any CPU
		{F4C139B9-644D-4C19-8314-8D657C9A1C29}.Release|iPhoneSimulator.Deploy.0 = Release|Any CPU
		{F4C139B9-644D-4C19-8314-8D657C9A1C29}.Release|x64.ActiveCfg = Release|Any CPU
		{F4C139B9-644D-4C19-8314-8D657C9A1C29}.Release|x64.Build.0 = Release|Any CPU
		{F4C139B9-644D-4C19-8314-8D657C9A1C29}.Release|x64.Deploy.0 = Release|Any CPU
		{F4C139B9-644D-4C19-8314-8D657C9A1C29}.Release|x86.ActiveCfg = Release|Any CPU
		{F4C139B9-644D-4C19-8314-8D657C9A1C29}.Release|x86.Build.0 = Release|Any CPU
		{F4C139B9-644D-4C19-8314-8D657C9A1C29}.Release|x86.Deploy.0 = Release|Any CPU
		{E56CB5BA-641A-4623-A9F9-274A7E1B1CB8}.Ad-Hoc|Any CPU.ActiveCfg = Ad-Hoc|iPhone
		{E56CB5BA-641A-4623-A9F9-274A7E1B1CB8}.Ad-Hoc|ARM.ActiveCfg = Ad-Hoc|iPhone
		{E56CB5BA-641A-4623-A9F9-274A7E1B1CB8}.Ad-Hoc|iPhone.ActiveCfg = Ad-Hoc|iPhone
		{E56CB5BA-641A-4623-A9F9-274A7E1B1CB8}.Ad-Hoc|iPhone.Build.0 = Ad-Hoc|iPhone
		{E56CB5BA-641A-4623-A9F9-274A7E1B1CB8}.Ad-Hoc|iPhoneSimulator.ActiveCfg = Ad-Hoc|iPhoneSimulator
		{E56CB5BA-641A-4623-A9F9-274A7E1B1CB8}.Ad-Hoc|iPhoneSimulator.Build.0 = Ad-Hoc|iPhoneSimulator
		{E56CB5BA-641A-4623-A9F9-274A7E1B1CB8}.Ad-Hoc|x64.ActiveCfg = Ad-Hoc|iPhone
		{E56CB5BA-641A-4623-A9F9-274A7E1B1CB8}.Ad-Hoc|x86.ActiveCfg = Ad-Hoc|iPhone
		{E56CB5BA-641A-4623-A9F9-274A7E1B1CB8}.AppStore|Any CPU.ActiveCfg = AppStore|iPhone
		{E56CB5BA-641A-4623-A9F9-274A7E1B1CB8}.AppStore|ARM.ActiveCfg = AppStore|iPhone
		{E56CB5BA-641A-4623-A9F9-274A7E1B1CB8}.AppStore|iPhone.ActiveCfg = AppStore|iPhone
		{E56CB5BA-641A-4623-A9F9-274A7E1B1CB8}.AppStore|iPhone.Build.0 = AppStore|iPhone
		{E56CB5BA-641A-4623-A9F9-274A7E1B1CB8}.AppStore|iPhoneSimulator.ActiveCfg = AppStore|iPhoneSimulator
		{E56CB5BA-641A-4623-A9F9-274A7E1B1CB8}.AppStore|iPhoneSimulator.Build.0 = AppStore|iPhoneSimulator
		{E56CB5BA-641A-4623-A9F9-274A7E1B1CB8}.AppStore|x64.ActiveCfg = AppStore|iPhone
		{E56CB5BA-641A-4623-A9F9-274A7E1B1CB8}.AppStore|x86.ActiveCfg = AppStore|iPhone
		{E56CB5BA-641A-4623-A9F9-274A7E1B1CB8}.Debug|Any CPU.ActiveCfg = Debug|iPhone
		{E56CB5BA-641A-4623-A9F9-274A7E1B1CB8}.Debug|ARM.ActiveCfg = Debug|iPhone
		{E56CB5BA-641A-4623-A9F9-274A7E1B1CB8}.Debug|iPhone.ActiveCfg = Debug|iPhone
		{E56CB5BA-641A-4623-A9F9-274A7E1B1CB8}.Debug|iPhone.Build.0 = Debug|iPhone
		{E56CB5BA-641A-4623-A9F9-274A7E1B1CB8}.Debug|iPhoneSimulator.ActiveCfg = Debug|iPhoneSimulator
		{E56CB5BA-641A-4623-A9F9-274A7E1B1CB8}.Debug|iPhoneSimulator.Build.0 = Debug|iPhoneSimulator
		{E56CB5BA-641A-4623-A9F9-274A7E1B1CB8}.Debug|x64.ActiveCfg = Debug|iPhone
		{E56CB5BA-641A-4623-A9F9-274A7E1B1CB8}.Debug|x86.ActiveCfg = Debug|iPhone
		{E56CB5BA-641A-4623-A9F9-274A7E1B1CB8}.Release|Any CPU.ActiveCfg = Release|iPhone
		{E56CB5BA-641A-4623-A9F9-274A7E1B1CB8}.Release|ARM.ActiveCfg = Release|iPhone
		{E56CB5BA-641A-4623-A9F9-274A7E1B1CB8}.Release|iPhone.ActiveCfg = Release|iPhone
		{E56CB5BA-641A-4623-A9F9-274A7E1B1CB8}.Release|iPhone.Build.0 = Release|iPhone
		{E56CB5BA-641A-4623-A9F9-274A7E1B1CB8}.Release|iPhoneSimulator.ActiveCfg = Release|iPhoneSimulator
		{E56CB5BA-641A-4623-A9F9-274A7E1B1CB8}.Release|iPhoneSimulator.Build.0 = Release|iPhoneSimulator
		{E56CB5BA-641A-4623-A9F9-274A7E1B1CB8}.Release|x64.ActiveCfg = Release|iPhone
		{E56CB5BA-641A-4623-A9F9-274A7E1B1CB8}.Release|x86.ActiveCfg = Release|iPhone
		{68B0DB7A-2740-4097-BE30-698D7856813C}.Ad-Hoc|Any CPU.ActiveCfg = Release|x86
		{68B0DB7A-2740-4097-BE30-698D7856813C}.Ad-Hoc|Any CPU.Build.0 = Release|x86
		{68B0DB7A-2740-4097-BE30-698D7856813C}.Ad-Hoc|Any CPU.Deploy.0 = Release|x86
		{68B0DB7A-2740-4097-BE30-698D7856813C}.Ad-Hoc|ARM.ActiveCfg = Release|ARM
		{68B0DB7A-2740-4097-BE30-698D7856813C}.Ad-Hoc|ARM.Build.0 = Release|ARM
		{68B0DB7A-2740-4097-BE30-698D7856813C}.Ad-Hoc|ARM.Deploy.0 = Release|ARM
		{68B0DB7A-2740-4097-BE30-698D7856813C}.Ad-Hoc|iPhone.ActiveCfg = Release|x86
		{68B0DB7A-2740-4097-BE30-698D7856813C}.Ad-Hoc|iPhone.Build.0 = Release|x86
		{68B0DB7A-2740-4097-BE30-698D7856813C}.Ad-Hoc|iPhone.Deploy.0 = Release|x86
		{68B0DB7A-2740-4097-BE30-698D7856813C}.Ad-Hoc|iPhoneSimulator.ActiveCfg = Release|x86
		{68B0DB7A-2740-4097-BE30-698D7856813C}.Ad-Hoc|iPhoneSimulator.Build.0 = Release|x86
		{68B0DB7A-2740-4097-BE30-698D7856813C}.Ad-Hoc|iPhoneSimulator.Deploy.0 = Release|x86
		{68B0DB7A-2740-4097-BE30-698D7856813C}.Ad-Hoc|x64.ActiveCfg = Release|x64
		{68B0DB7A-2740-4097-BE30-698D7856813C}.Ad-Hoc|x64.Build.0 = Release|x64
		{68B0DB7A-2740-4097-BE30-698D7856813C}.Ad-Hoc|x64.Deploy.0 = Release|x64
		{68B0DB7A-2740-4097-BE30-698D7856813C}.Ad-Hoc|x86.ActiveCfg = Release|x86
		{68B0DB7A-2740-4097-BE30-698D7856813C}.Ad-Hoc|x86.Build.0 = Release|x86
		{68B0DB7A-2740-4097-BE30-698D7856813C}.Ad-Hoc|x86.Deploy.0 = Release|x86
		{68B0DB7A-2740-4097-BE30-698D7856813C}.AppStore|Any CPU.ActiveCfg = Release|x86
		{68B0DB7A-2740-4097-BE30-698D7856813C}.AppStore|Any CPU.Build.0 = Release|x86
		{68B0DB7A-2740-4097-BE30-698D7856813C}.AppStore|Any CPU.Deploy.0 = Release|x86
		{68B0DB7A-2740-4097-BE30-698D7856813C}.AppStore|ARM.ActiveCfg = Release|ARM
		{68B0DB7A-2740-4097-BE30-698D7856813C}.AppStore|ARM.Build.0 = Release|ARM
		{68B0DB7A-2740-4097-BE30-698D7856813C}.AppStore|ARM.Deploy.0 = Release|ARM
		{68B0DB7A-2740-4097-BE30-698D7856813C}.AppStore|iPhone.ActiveCfg = Release|x86
		{68B0DB7A-2740-4097-BE30-698D7856813C}.AppStore|iPhone.Build.0 = Release|x86
		{68B0DB7A-2740-4097-BE30-698D7856813C}.AppStore|iPhone.Deploy.0 = Release|x86
		{68B0DB7A-2740-4097-BE30-698D7856813C}.AppStore|iPhoneSimulator.ActiveCfg = Release|x86
		{68B0DB7A-2740-4097-BE30-698D7856813C}.AppStore|iPhoneSimulator.Build.0 = Release|x86
		{68B0DB7A-2740-4097-BE30-698D7856813C}.AppStore|iPhoneSimulator.Deploy.0 = Release|x86
		{68B0DB7A-2740-4097-BE30-698D7856813C}.AppStore|x64.ActiveCfg = Release|x64
		{68B0DB7A-2740-4097-BE30-698D7856813C}.AppStore|x64.Build.0 = Release|x64
		{68B0DB7A-2740-4097-BE30-698D7856813C}.AppStore|x64.Deploy.0 = Release|x64
		{68B0DB7A-2740-4097-BE30-698D7856813C}.AppStore|x86.ActiveCfg = Release|x86
		{68B0DB7A-2740-4097-BE30-698D7856813C}.AppStore|x86.Build.0 = Release|x86
		{68B0DB7A-2740-4097-BE30-698D7856813C}.AppStore|x86.Deploy.0 = Release|x86
		{68B0DB7A-2740-4097-BE30-698D7856813C}.Debug|Any CPU.ActiveCfg = Debug|x86
		{68B0DB7A-2740-4097-BE30-698D7856813C}.Debug|ARM.ActiveCfg = Debug|ARM
		{68B0DB7A-2740-4097-BE30-698D7856813C}.Debug|ARM.Build.0 = Debug|ARM
		{68B0DB7A-2740-4097-BE30-698D7856813C}.Debug|ARM.Deploy.0 = Debug|ARM
		{68B0DB7A-2740-4097-BE30-698D7856813C}.Debug|iPhone.ActiveCfg = Debug|x86
		{68B0DB7A-2740-4097-BE30-698D7856813C}.Debug|iPhoneSimulator.ActiveCfg = Debug|x86
		{68B0DB7A-2740-4097-BE30-698D7856813C}.Debug|x64.ActiveCfg = Debug|x64
		{68B0DB7A-2740-4097-BE30-698D7856813C}.Debug|x64.Build.0 = Debug|x64
		{68B0DB7A-2740-4097-BE30-698D7856813C}.Debug|x64.Deploy.0 = Debug|x64
		{68B0DB7A-2740-4097-BE30-698D7856813C}.Debug|x86.ActiveCfg = Debug|x86
		{68B0DB7A-2740-4097-BE30-698D7856813C}.Debug|x86.Build.0 = Debug|x86
		{68B0DB7A-2740-4097-BE30-698D7856813C}.Debug|x86.Deploy.0 = Debug|x86
		{68B0DB7A-2740-4097-BE30-698D7856813C}.Release|Any CPU.ActiveCfg = Release|x86
		{68B0DB7A-2740-4097-BE30-698D7856813C}.Release|ARM.ActiveCfg = Release|ARM
		{68B0DB7A-2740-4097-BE30-698D7856813C}.Release|ARM.Build.0 = Release|ARM
		{68B0DB7A-2740-4097-BE30-698D7856813C}.Release|ARM.Deploy.0 = Release|ARM
		{68B0DB7A-2740-4097-BE30-698D7856813C}.Release|iPhone.ActiveCfg = Release|x86
		{68B0DB7A-2740-4097-BE30-698D7856813C}.Release|iPhoneSimulator.ActiveCfg = Release|x86
		{68B0DB7A-2740-4097-BE30-698D7856813C}.Release|x64.ActiveCfg = Release|x64
		{68B0DB7A-2740-4097-BE30-698D7856813C}.Release|x64.Build.0 = Release|x64
		{68B0DB7A-2740-4097-BE30-698D7856813C}.Release|x64.Deploy.0 = Release|x64
		{68B0DB7A-2740-4097-BE30-698D7856813C}.Release|x86.ActiveCfg = Release|x86
		{68B0DB7A-2740-4097-BE30-698D7856813C}.Release|x86.Build.0 = Release|x86
		{68B0DB7A-2740-4097-BE30-698D7856813C}.Release|x86.Deploy.0 = Release|x86
	EndGlobalSection
	GlobalSection(SolutionProperties) = preSolution
		HideSolutionNode = FALSE
	EndGlobalSection
EndGlobal
