
Microsoft Visual Studio Solution File, Format Version 12.00
# Visual Studio 14
VisualStudioVersion = 14.0.25420.1
MinimumVisualStudioVersion = 10.0.40219.1
Project("{FAE04EC0-301F-11D3-BF4B-00C04F79EFBC}") = "XFListViewItemTap", "XFListViewItemTap\XFListViewItemTap\XFListViewItemTap.csproj", "{0B865708-D8EE-46CA-A752-4198C3BBDF6A}"
EndProject
Project("{FAE04EC0-301F-11D3-BF4B-00C04F79EFBC}") = "XFListViewItemTap.Droid", "XFListViewItemTap\XFListViewItemTap.Droid\XFListViewItemTap.Droid.csproj", "{84EEAF6A-FBE2-425C-8DD7-73A52E555501}"
EndProject
Project("{FAE04EC0-301F-11D3-BF4B-00C04F79EFBC}") = "XFListViewItemTap.iOS", "XFListViewItemTap\XFListViewItemTap.iOS\XFListViewItemTap.iOS.csproj", "{9942CC4B-BBD7-4F87-BA13-AF38796FDAA8}"
EndProject
Project("{FAE04EC0-301F-11D3-BF4B-00C04F79EFBC}") = "XFListViewItemTap.UWP", "XFListViewItemTap\XFListViewItemTap.UWP\XFListViewItemTap.UWP.csproj", "{F1D3CEE8-F780-434D-857B-909C2D5943C7}"
EndProject
Global
	GlobalSection(SolutionConfigurationPlatforms) = preSolution
		Ad-Hoc|Any CPU = Ad-Hoc|Any CPU
		Ad-Hoc|ARM = Ad-Hoc|ARM
		Ad-Hoc|iPhone = Ad-Hoc|iPhone
		Ad-Hoc|iPhoneSimulator = Ad-Hoc|iPhoneSimulator
		Ad-Hoc|x64 = Ad-Hoc|x64
		Ad-Hoc|x86 = Ad-Hoc|x86
		AppStore|Any CPU = AppStore|Any CPU
		AppStore|ARM = AppStore|ARM
		AppStore|iPhone = AppStore|iPhone
		AppStore|iPhoneSimulator = AppStore|iPhoneSimulator
		AppStore|x64 = AppStore|x64
		AppStore|x86 = AppStore|x86
		Debug|Any CPU = Debug|Any CPU
		Debug|ARM = Debug|ARM
		Debug|iPhone = Debug|iPhone
		Debug|iPhoneSimulator = Debug|iPhoneSimulator
		Debug|x64 = Debug|x64
		Debug|x86 = Debug|x86
		Release|Any CPU = Release|Any CPU
		Release|ARM = Release|ARM
		Release|iPhone = Release|iPhone
		Release|iPhoneSimulator = Release|iPhoneSimulator
		Release|x64 = Release|x64
		Release|x86 = Release|x86
	EndGlobalSection
	GlobalSection(ProjectConfigurationPlatforms) = postSolution
		{0B865708-D8EE-46CA-A752-4198C3BBDF6A}.Ad-Hoc|Any CPU.ActiveCfg = Release|Any CPU
		{0B865708-D8EE-46CA-A752-4198C3BBDF6A}.Ad-Hoc|Any CPU.Build.0 = Release|Any CPU
		{0B865708-D8EE-46CA-A752-4198C3BBDF6A}.Ad-Hoc|ARM.ActiveCfg = Release|Any CPU
		{0B865708-D8EE-46CA-A752-4198C3BBDF6A}.Ad-Hoc|ARM.Build.0 = Release|Any CPU
		{0B865708-D8EE-46CA-A752-4198C3BBDF6A}.Ad-Hoc|iPhone.ActiveCfg = Release|Any CPU
		{0B865708-D8EE-46CA-A752-4198C3BBDF6A}.Ad-Hoc|iPhone.Build.0 = Release|Any CPU
		{0B865708-D8EE-46CA-A752-4198C3BBDF6A}.Ad-Hoc|iPhoneSimulator.ActiveCfg = Release|Any CPU
		{0B865708-D8EE-46CA-A752-4198C3BBDF6A}.Ad-Hoc|iPhoneSimulator.Build.0 = Release|Any CPU
		{0B865708-D8EE-46CA-A752-4198C3BBDF6A}.Ad-Hoc|x64.ActiveCfg = Release|Any CPU
		{0B865708-D8EE-46CA-A752-4198C3BBDF6A}.Ad-Hoc|x64.Build.0 = Release|Any CPU
		{0B865708-D8EE-46CA-A752-4198C3BBDF6A}.Ad-Hoc|x86.ActiveCfg = Release|Any CPU
		{0B865708-D8EE-46CA-A752-4198C3BBDF6A}.Ad-Hoc|x86.Build.0 = Release|Any CPU
		{0B865708-D8EE-46CA-A752-4198C3BBDF6A}.AppStore|Any CPU.ActiveCfg = Release|Any CPU
		{0B865708-D8EE-46CA-A752-4198C3BBDF6A}.AppStore|Any CPU.Build.0 = Release|Any CPU
		{0B865708-D8EE-46CA-A752-4198C3BBDF6A}.AppStore|ARM.ActiveCfg = Release|Any CPU
		{0B865708-D8EE-46CA-A752-4198C3BBDF6A}.AppStore|ARM.Build.0 = Release|Any CPU
		{0B865708-D8EE-46CA-A752-4198C3BBDF6A}.AppStore|iPhone.ActiveCfg = Release|Any CPU
		{0B865708-D8EE-46CA-A752-4198C3BBDF6A}.AppStore|iPhone.Build.0 = Release|Any CPU
		{0B865708-D8EE-46CA-A752-4198C3BBDF6A}.AppStore|iPhoneSimulator.ActiveCfg = Release|Any CPU
		{0B865708-D8EE-46CA-A752-4198C3BBDF6A}.AppStore|iPhoneSimulator.Build.0 = Release|Any CPU
		{0B865708-D8EE-46CA-A752-4198C3BBDF6A}.AppStore|x64.ActiveCfg = Release|Any CPU
		{0B865708-D8EE-46CA-A752-4198C3BBDF6A}.AppStore|x64.Build.0 = Release|Any CPU
		{0B865708-D8EE-46CA-A752-4198C3BBDF6A}.AppStore|x86.ActiveCfg = Release|Any CPU
		{0B865708-D8EE-46CA-A752-4198C3BBDF6A}.AppStore|x86.Build.0 = Release|Any CPU
		{0B865708-D8EE-46CA-A752-4198C3BBDF6A}.Debug|Any CPU.ActiveCfg = Debug|Any CPU
		{0B865708-D8EE-46CA-A752-4198C3BBDF6A}.Debug|Any CPU.Build.0 = Debug|Any CPU
		{0B865708-D8EE-46CA-A752-4198C3BBDF6A}.Debug|ARM.ActiveCfg = Debug|Any CPU
		{0B865708-D8EE-46CA-A752-4198C3BBDF6A}.Debug|ARM.Build.0 = Debug|Any CPU
		{0B865708-D8EE-46CA-A752-4198C3BBDF6A}.Debug|iPhone.ActiveCfg = Debug|Any CPU
		{0B865708-D8EE-46CA-A752-4198C3BBDF6A}.Debug|iPhone.Build.0 = Debug|Any CPU
		{0B865708-D8EE-46CA-A752-4198C3BBDF6A}.Debug|iPhoneSimulator.ActiveCfg = Debug|Any CPU
		{0B865708-D8EE-46CA-A752-4198C3BBDF6A}.Debug|iPhoneSimulator.Build.0 = Debug|Any CPU
		{0B865708-D8EE-46CA-A752-4198C3BBDF6A}.Debug|x64.ActiveCfg = Debug|Any CPU
		{0B865708-D8EE-46CA-A752-4198C3BBDF6A}.Debug|x64.Build.0 = Debug|Any CPU
		{0B865708-D8EE-46CA-A752-4198C3BBDF6A}.Debug|x86.ActiveCfg = Debug|Any CPU
		{0B865708-D8EE-46CA-A752-4198C3BBDF6A}.Debug|x86.Build.0 = Debug|Any CPU
		{0B865708-D8EE-46CA-A752-4198C3BBDF6A}.Release|Any CPU.ActiveCfg = Release|Any CPU
		{0B865708-D8EE-46CA-A752-4198C3BBDF6A}.Release|Any CPU.Build.0 = Release|Any CPU
		{0B865708-D8EE-46CA-A752-4198C3BBDF6A}.Release|ARM.ActiveCfg = Release|Any CPU
		{0B865708-D8EE-46CA-A752-4198C3BBDF6A}.Release|ARM.Build.0 = Release|Any CPU
		{0B865708-D8EE-46CA-A752-4198C3BBDF6A}.Release|iPhone.ActiveCfg = Release|Any CPU
		{0B865708-D8EE-46CA-A752-4198C3BBDF6A}.Release|iPhone.Build.0 = Release|Any CPU
		{0B865708-D8EE-46CA-A752-4198C3BBDF6A}.Release|iPhoneSimulator.ActiveCfg = Release|Any CPU
		{0B865708-D8EE-46CA-A752-4198C3BBDF6A}.Release|iPhoneSimulator.Build.0 = Release|Any CPU
		{0B865708-D8EE-46CA-A752-4198C3BBDF6A}.Release|x64.ActiveCfg = Release|Any CPU
		{0B865708-D8EE-46CA-A752-4198C3BBDF6A}.Release|x64.Build.0 = Release|Any CPU
		{0B865708-D8EE-46CA-A752-4198C3BBDF6A}.Release|x86.ActiveCfg = Release|Any CPU
		{0B865708-D8EE-46CA-A752-4198C3BBDF6A}.Release|x86.Build.0 = Release|Any CPU
		{84EEAF6A-FBE2-425C-8DD7-73A52E555501}.Ad-Hoc|Any CPU.ActiveCfg = Release|Any CPU
		{84EEAF6A-FBE2-425C-8DD7-73A52E555501}.Ad-Hoc|Any CPU.Build.0 = Release|Any CPU
		{84EEAF6A-FBE2-425C-8DD7-73A52E555501}.Ad-Hoc|Any CPU.Deploy.0 = Release|Any CPU
		{84EEAF6A-FBE2-425C-8DD7-73A52E555501}.Ad-Hoc|ARM.ActiveCfg = Release|Any CPU
		{84EEAF6A-FBE2-425C-8DD7-73A52E555501}.Ad-Hoc|ARM.Build.0 = Release|Any CPU
		{84EEAF6A-FBE2-425C-8DD7-73A52E555501}.Ad-Hoc|ARM.Deploy.0 = Release|Any CPU
		{84EEAF6A-FBE2-425C-8DD7-73A52E555501}.Ad-Hoc|iPhone.ActiveCfg = Release|Any CPU
		{84EEAF6A-FBE2-425C-8DD7-73A52E555501}.Ad-Hoc|iPhone.Build.0 = Release|Any CPU
		{84EEAF6A-FBE2-425C-8DD7-73A52E555501}.Ad-Hoc|iPhone.Deploy.0 = Release|Any CPU
		{84EEAF6A-FBE2-425C-8DD7-73A52E555501}.Ad-Hoc|iPhoneSimulator.ActiveCfg = Release|Any CPU
		{84EEAF6A-FBE2-425C-8DD7-73A52E555501}.Ad-Hoc|iPhoneSimulator.Build.0 = Release|Any CPU
		{84EEAF6A-FBE2-425C-8DD7-73A52E555501}.Ad-Hoc|iPhoneSimulator.Deploy.0 = Release|Any CPU
		{84EEAF6A-FBE2-425C-8DD7-73A52E555501}.Ad-Hoc|x64.ActiveCfg = Release|Any CPU
		{84EEAF6A-FBE2-425C-8DD7-73A52E555501}.Ad-Hoc|x64.Build.0 = Release|Any CPU
		{84EEAF6A-FBE2-425C-8DD7-73A52E555501}.Ad-Hoc|x64.Deploy.0 = Release|Any CPU
		{84EEAF6A-FBE2-425C-8DD7-73A52E555501}.Ad-Hoc|x86.ActiveCfg = Release|Any CPU
		{84EEAF6A-FBE2-425C-8DD7-73A52E555501}.Ad-Hoc|x86.Build.0 = Release|Any CPU
		{84EEAF6A-FBE2-425C-8DD7-73A52E555501}.Ad-Hoc|x86.Deploy.0 = Release|Any CPU
		{84EEAF6A-FBE2-425C-8DD7-73A52E555501}.AppStore|Any CPU.ActiveCfg = Release|Any CPU
		{84EEAF6A-FBE2-425C-8DD7-73A52E555501}.AppStore|Any CPU.Build.0 = Release|Any CPU
		{84EEAF6A-FBE2-425C-8DD7-73A52E555501}.AppStore|Any CPU.Deploy.0 = Release|Any CPU
		{84EEAF6A-FBE2-425C-8DD7-73A52E555501}.AppStore|ARM.ActiveCfg = Release|Any CPU
		{84EEAF6A-FBE2-425C-8DD7-73A52E555501}.AppStore|ARM.Build.0 = Release|Any CPU
		{84EEAF6A-FBE2-425C-8DD7-73A52E555501}.AppStore|ARM.Deploy.0 = Release|Any CPU
		{84EEAF6A-FBE2-425C-8DD7-73A52E555501}.AppStore|iPhone.ActiveCfg = Release|Any CPU
		{84EEAF6A-FBE2-425C-8DD7-73A52E555501}.AppStore|iPhone.Build.0 = Release|Any CPU
		{84EEAF6A-FBE2-425C-8DD7-73A52E555501}.AppStore|iPhone.Deploy.0 = Release|Any CPU
		{84EEAF6A-FBE2-425C-8DD7-73A52E555501}.AppStore|iPhoneSimulator.ActiveCfg = Release|Any CPU
		{84EEAF6A-FBE2-425C-8DD7-73A52E555501}.AppStore|iPhoneSimulator.Build.0 = Release|Any CPU
		{84EEAF6A-FBE2-425C-8DD7-73A52E555501}.AppStore|iPhoneSimulator.Deploy.0 = Release|Any CPU
		{84EEAF6A-FBE2-425C-8DD7-73A52E555501}.AppStore|x64.ActiveCfg = Release|Any CPU
		{84EEAF6A-FBE2-425C-8DD7-73A52E555501}.AppStore|x64.Build.0 = Release|Any CPU
		{84EEAF6A-FBE2-425C-8DD7-73A52E555501}.AppStore|x64.Deploy.0 = Release|Any CPU
		{84EEAF6A-FBE2-425C-8DD7-73A52E555501}.AppStore|x86.ActiveCfg = Release|Any CPU
		{84EEAF6A-FBE2-425C-8DD7-73A52E555501}.AppStore|x86.Build.0 = Release|Any CPU
		{84EEAF6A-FBE2-425C-8DD7-73A52E555501}.AppStore|x86.Deploy.0 = Release|Any CPU
		{84EEAF6A-FBE2-425C-8DD7-73A52E555501}.Debug|Any CPU.ActiveCfg = Debug|Any CPU
		{84EEAF6A-FBE2-425C-8DD7-73A52E555501}.Debug|Any CPU.Build.0 = Debug|Any CPU
		{84EEAF6A-FBE2-425C-8DD7-73A52E555501}.Debug|Any CPU.Deploy.0 = Debug|Any CPU
		{84EEAF6A-FBE2-425C-8DD7-73A52E555501}.Debug|ARM.ActiveCfg = Debug|Any CPU
		{84EEAF6A-FBE2-425C-8DD7-73A52E555501}.Debug|ARM.Build.0 = Debug|Any CPU
		{84EEAF6A-FBE2-425C-8DD7-73A52E555501}.Debug|ARM.Deploy.0 = Debug|Any CPU
		{84EEAF6A-FBE2-425C-8DD7-73A52E555501}.Debug|iPhone.ActiveCfg = Debug|Any CPU
		{84EEAF6A-FBE2-425C-8DD7-73A52E555501}.Debug|iPhone.Build.0 = Debug|Any CPU
		{84EEAF6A-FBE2-425C-8DD7-73A52E555501}.Debug|iPhone.Deploy.0 = Debug|Any CPU
		{84EEAF6A-FBE2-425C-8DD7-73A52E555501}.Debug|iPhoneSimulator.ActiveCfg = Debug|Any CPU
		{84EEAF6A-FBE2-425C-8DD7-73A52E555501}.Debug|iPhoneSimulator.Build.0 = Debug|Any CPU
		{84EEAF6A-FBE2-425C-8DD7-73A52E555501}.Debug|iPhoneSimulator.Deploy.0 = Debug|Any CPU
		{84EEAF6A-FBE2-425C-8DD7-73A52E555501}.Debug|x64.ActiveCfg = Debug|Any CPU
		{84EEAF6A-FBE2-425C-8DD7-73A52E555501}.Debug|x64.Build.0 = Debug|Any CPU
		{84EEAF6A-FBE2-425C-8DD7-73A52E555501}.Debug|x64.Deploy.0 = Debug|Any CPU
		{84EEAF6A-FBE2-425C-8DD7-73A52E555501}.Debug|x86.ActiveCfg = Debug|Any CPU
		{84EEAF6A-FBE2-425C-8DD7-73A52E555501}.Debug|x86.Build.0 = Debug|Any CPU
		{84EEAF6A-FBE2-425C-8DD7-73A52E555501}.Debug|x86.Deploy.0 = Debug|Any CPU
		{84EEAF6A-FBE2-425C-8DD7-73A52E555501}.Release|Any CPU.ActiveCfg = Release|Any CPU
		{84EEAF6A-FBE2-425C-8DD7-73A52E555501}.Release|Any CPU.Build.0 = Release|Any CPU
		{84EEAF6A-FBE2-425C-8DD7-73A52E555501}.Release|Any CPU.Deploy.0 = Release|Any CPU
		{84EEAF6A-FBE2-425C-8DD7-73A52E555501}.Release|ARM.ActiveCfg = Release|Any CPU
		{84EEAF6A-FBE2-425C-8DD7-73A52E555501}.Release|ARM.Build.0 = Release|Any CPU
		{84EEAF6A-FBE2-425C-8DD7-73A52E555501}.Release|ARM.Deploy.0 = Release|Any CPU
		{84EEAF6A-FBE2-425C-8DD7-73A52E555501}.Release|iPhone.ActiveCfg = Release|Any CPU
		{84EEAF6A-FBE2-425C-8DD7-73A52E555501}.Release|iPhone.Build.0 = Release|Any CPU
		{84EEAF6A-FBE2-425C-8DD7-73A52E555501}.Release|iPhone.Deploy.0 = Release|Any CPU
		{84EEAF6A-FBE2-425C-8DD7-73A52E555501}.Release|iPhoneSimulator.ActiveCfg = Release|Any CPU
		{84EEAF6A-FBE2-425C-8DD7-73A52E555501}.Release|iPhoneSimulator.Build.0 = Release|Any CPU
		{84EEAF6A-FBE2-425C-8DD7-73A52E555501}.Release|iPhoneSimulator.Deploy.0 = Release|Any CPU
		{84EEAF6A-FBE2-425C-8DD7-73A52E555501}.Release|x64.ActiveCfg = Release|Any CPU
		{84EEAF6A-FBE2-425C-8DD7-73A52E555501}.Release|x64.Build.0 = Release|Any CPU
		{84EEAF6A-FBE2-425C-8DD7-73A52E555501}.Release|x64.Deploy.0 = Release|Any CPU
		{84EEAF6A-FBE2-425C-8DD7-73A52E555501}.Release|x86.ActiveCfg = Release|Any CPU
		{84EEAF6A-FBE2-425C-8DD7-73A52E555501}.Release|x86.Build.0 = Release|Any CPU
		{84EEAF6A-FBE2-425C-8DD7-73A52E555501}.Release|x86.Deploy.0 = Release|Any CPU
		{9942CC4B-BBD7-4F87-BA13-AF38796FDAA8}.Ad-Hoc|Any CPU.ActiveCfg = Ad-Hoc|iPhone
		{9942CC4B-BBD7-4F87-BA13-AF38796FDAA8}.Ad-Hoc|ARM.ActiveCfg = Ad-Hoc|iPhone
		{9942CC4B-BBD7-4F87-BA13-AF38796FDAA8}.Ad-Hoc|iPhone.ActiveCfg = Ad-Hoc|iPhone
		{9942CC4B-BBD7-4F87-BA13-AF38796FDAA8}.Ad-Hoc|iPhone.Build.0 = Ad-Hoc|iPhone
		{9942CC4B-BBD7-4F87-BA13-AF38796FDAA8}.Ad-Hoc|iPhoneSimulator.ActiveCfg = Ad-Hoc|iPhoneSimulator
		{9942CC4B-BBD7-4F87-BA13-AF38796FDAA8}.Ad-Hoc|iPhoneSimulator.Build.0 = Ad-Hoc|iPhoneSimulator
		{9942CC4B-BBD7-4F87-BA13-AF38796FDAA8}.Ad-Hoc|x64.ActiveCfg = Ad-Hoc|iPhone
		{9942CC4B-BBD7-4F87-BA13-AF38796FDAA8}.Ad-Hoc|x86.ActiveCfg = Ad-Hoc|iPhone
		{9942CC4B-BBD7-4F87-BA13-AF38796FDAA8}.AppStore|Any CPU.ActiveCfg = AppStore|iPhone
		{9942CC4B-BBD7-4F87-BA13-AF38796FDAA8}.AppStore|ARM.ActiveCfg = AppStore|iPhone
		{9942CC4B-BBD7-4F87-BA13-AF38796FDAA8}.AppStore|iPhone.ActiveCfg = AppStore|iPhone
		{9942CC4B-BBD7-4F87-BA13-AF38796FDAA8}.AppStore|iPhone.Build.0 = AppStore|iPhone
		{9942CC4B-BBD7-4F87-BA13-AF38796FDAA8}.AppStore|iPhoneSimulator.ActiveCfg = AppStore|iPhoneSimulator
		{9942CC4B-BBD7-4F87-BA13-AF38796FDAA8}.AppStore|iPhoneSimulator.Build.0 = AppStore|iPhoneSimulator
		{9942CC4B-BBD7-4F87-BA13-AF38796FDAA8}.AppStore|x64.ActiveCfg = AppStore|iPhone
		{9942CC4B-BBD7-4F87-BA13-AF38796FDAA8}.AppStore|x86.ActiveCfg = AppStore|iPhone
		{9942CC4B-BBD7-4F87-BA13-AF38796FDAA8}.Debug|Any CPU.ActiveCfg = Debug|iPhone
		{9942CC4B-BBD7-4F87-BA13-AF38796FDAA8}.Debug|ARM.ActiveCfg = Debug|iPhone
		{9942CC4B-BBD7-4F87-BA13-AF38796FDAA8}.Debug|iPhone.ActiveCfg = Debug|iPhone
		{9942CC4B-BBD7-4F87-BA13-AF38796FDAA8}.Debug|iPhone.Build.0 = Debug|iPhone
		{9942CC4B-BBD7-4F87-BA13-AF38796FDAA8}.Debug|iPhoneSimulator.ActiveCfg = Debug|iPhoneSimulator
		{9942CC4B-BBD7-4F87-BA13-AF38796FDAA8}.Debug|iPhoneSimulator.Build.0 = Debug|iPhoneSimulator
		{9942CC4B-BBD7-4F87-BA13-AF38796FDAA8}.Debug|x64.ActiveCfg = Debug|iPhone
		{9942CC4B-BBD7-4F87-BA13-AF38796FDAA8}.Debug|x86.ActiveCfg = Debug|iPhone
		{9942CC4B-BBD7-4F87-BA13-AF38796FDAA8}.Release|Any CPU.ActiveCfg = Release|iPhone
		{9942CC4B-BBD7-4F87-BA13-AF38796FDAA8}.Release|ARM.ActiveCfg = Release|iPhone
		{9942CC4B-BBD7-4F87-BA13-AF38796FDAA8}.Release|iPhone.ActiveCfg = Release|iPhone
		{9942CC4B-BBD7-4F87-BA13-AF38796FDAA8}.Release|iPhone.Build.0 = Release|iPhone
		{9942CC4B-BBD7-4F87-BA13-AF38796FDAA8}.Release|iPhoneSimulator.ActiveCfg = Release|iPhoneSimulator
		{9942CC4B-BBD7-4F87-BA13-AF38796FDAA8}.Release|iPhoneSimulator.Build.0 = Release|iPhoneSimulator
		{9942CC4B-BBD7-4F87-BA13-AF38796FDAA8}.Release|x64.ActiveCfg = Release|iPhone
		{9942CC4B-BBD7-4F87-BA13-AF38796FDAA8}.Release|x86.ActiveCfg = Release|iPhone
		{F1D3CEE8-F780-434D-857B-909C2D5943C7}.Ad-Hoc|Any CPU.ActiveCfg = Release|x86
		{F1D3CEE8-F780-434D-857B-909C2D5943C7}.Ad-Hoc|Any CPU.Build.0 = Release|x86
		{F1D3CEE8-F780-434D-857B-909C2D5943C7}.Ad-Hoc|Any CPU.Deploy.0 = Release|x86
		{F1D3CEE8-F780-434D-857B-909C2D5943C7}.Ad-Hoc|ARM.ActiveCfg = Release|ARM
		{F1D3CEE8-F780-434D-857B-909C2D5943C7}.Ad-Hoc|ARM.Build.0 = Release|ARM
		{F1D3CEE8-F780-434D-857B-909C2D5943C7}.Ad-Hoc|ARM.Deploy.0 = Release|ARM
		{F1D3CEE8-F780-434D-857B-909C2D5943C7}.Ad-Hoc|iPhone.ActiveCfg = Release|x86
		{F1D3CEE8-F780-434D-857B-909C2D5943C7}.Ad-Hoc|iPhone.Build.0 = Release|x86
		{F1D3CEE8-F780-434D-857B-909C2D5943C7}.Ad-Hoc|iPhone.Deploy.0 = Release|x86
		{F1D3CEE8-F780-434D-857B-909C2D5943C7}.Ad-Hoc|iPhoneSimulator.ActiveCfg = Release|x86
		{F1D3CEE8-F780-434D-857B-909C2D5943C7}.Ad-Hoc|iPhoneSimulator.Build.0 = Release|x86
		{F1D3CEE8-F780-434D-857B-909C2D5943C7}.Ad-Hoc|iPhoneSimulator.Deploy.0 = Release|x86
		{F1D3CEE8-F780-434D-857B-909C2D5943C7}.Ad-Hoc|x64.ActiveCfg = Release|x64
		{F1D3CEE8-F780-434D-857B-909C2D5943C7}.Ad-Hoc|x64.Build.0 = Release|x64
		{F1D3CEE8-F780-434D-857B-909C2D5943C7}.Ad-Hoc|x64.Deploy.0 = Release|x64
		{F1D3CEE8-F780-434D-857B-909C2D5943C7}.Ad-Hoc|x86.ActiveCfg = Release|x86
		{F1D3CEE8-F780-434D-857B-909C2D5943C7}.Ad-Hoc|x86.Build.0 = Release|x86
		{F1D3CEE8-F780-434D-857B-909C2D5943C7}.Ad-Hoc|x86.Deploy.0 = Release|x86
		{F1D3CEE8-F780-434D-857B-909C2D5943C7}.AppStore|Any CPU.ActiveCfg = Release|x86
		{F1D3CEE8-F780-434D-857B-909C2D5943C7}.AppStore|Any CPU.Build.0 = Release|x86
		{F1D3CEE8-F780-434D-857B-909C2D5943C7}.AppStore|Any CPU.Deploy.0 = Release|x86
		{F1D3CEE8-F780-434D-857B-909C2D5943C7}.AppStore|ARM.ActiveCfg = Release|ARM
		{F1D3CEE8-F780-434D-857B-909C2D5943C7}.AppStore|ARM.Build.0 = Release|ARM
		{F1D3CEE8-F780-434D-857B-909C2D5943C7}.AppStore|ARM.Deploy.0 = Release|ARM
		{F1D3CEE8-F780-434D-857B-909C2D5943C7}.AppStore|iPhone.ActiveCfg = Release|x86
		{F1D3CEE8-F780-434D-857B-909C2D5943C7}.AppStore|iPhone.Build.0 = Release|x86
		{F1D3CEE8-F780-434D-857B-909C2D5943C7}.AppStore|iPhone.Deploy.0 = Release|x86
		{F1D3CEE8-F780-434D-857B-909C2D5943C7}.AppStore|iPhoneSimulator.ActiveCfg = Release|x86
		{F1D3CEE8-F780-434D-857B-909C2D5943C7}.AppStore|iPhoneSimulator.Build.0 = Release|x86
		{F1D3CEE8-F780-434D-857B-909C2D5943C7}.AppStore|iPhoneSimulator.Deploy.0 = Release|x86
		{F1D3CEE8-F780-434D-857B-909C2D5943C7}.AppStore|x64.ActiveCfg = Release|x64
		{F1D3CEE8-F780-434D-857B-909C2D5943C7}.AppStore|x64.Build.0 = Release|x64
		{F1D3CEE8-F780-434D-857B-909C2D5943C7}.AppStore|x64.Deploy.0 = Release|x64
		{F1D3CEE8-F780-434D-857B-909C2D5943C7}.AppStore|x86.ActiveCfg = Release|x86
		{F1D3CEE8-F780-434D-857B-909C2D5943C7}.AppStore|x86.Build.0 = Release|x86
		{F1D3CEE8-F780-434D-857B-909C2D5943C7}.AppStore|x86.Deploy.0 = Release|x86
		{F1D3CEE8-F780-434D-857B-909C2D5943C7}.Debug|Any CPU.ActiveCfg = Debug|x86
		{F1D3CEE8-F780-434D-857B-909C2D5943C7}.Debug|ARM.ActiveCfg = Debug|ARM
		{F1D3CEE8-F780-434D-857B-909C2D5943C7}.Debug|ARM.Build.0 = Debug|ARM
		{F1D3CEE8-F780-434D-857B-909C2D5943C7}.Debug|ARM.Deploy.0 = Debug|ARM
		{F1D3CEE8-F780-434D-857B-909C2D5943C7}.Debug|iPhone.ActiveCfg = Debug|x86
		{F1D3CEE8-F780-434D-857B-909C2D5943C7}.Debug|iPhoneSimulator.ActiveCfg = Debug|x86
		{F1D3CEE8-F780-434D-857B-909C2D5943C7}.Debug|x64.ActiveCfg = Debug|x64
		{F1D3CEE8-F780-434D-857B-909C2D5943C7}.Debug|x64.Build.0 = Debug|x64
		{F1D3CEE8-F780-434D-857B-909C2D5943C7}.Debug|x64.Deploy.0 = Debug|x64
		{F1D3CEE8-F780-434D-857B-909C2D5943C7}.Debug|x86.ActiveCfg = Debug|x86
		{F1D3CEE8-F780-434D-857B-909C2D5943C7}.Debug|x86.Build.0 = Debug|x86
		{F1D3CEE8-F780-434D-857B-909C2D5943C7}.Debug|x86.Deploy.0 = Debug|x86
		{F1D3CEE8-F780-434D-857B-909C2D5943C7}.Release|Any CPU.ActiveCfg = Release|x86
		{F1D3CEE8-F780-434D-857B-909C2D5943C7}.Release|ARM.ActiveCfg = Release|ARM
		{F1D3CEE8-F780-434D-857B-909C2D5943C7}.Release|ARM.Build.0 = Release|ARM
		{F1D3CEE8-F780-434D-857B-909C2D5943C7}.Release|ARM.Deploy.0 = Release|ARM
		{F1D3CEE8-F780-434D-857B-909C2D5943C7}.Release|iPhone.ActiveCfg = Release|x86
		{F1D3CEE8-F780-434D-857B-909C2D5943C7}.Release|iPhoneSimulator.ActiveCfg = Release|x86
		{F1D3CEE8-F780-434D-857B-909C2D5943C7}.Release|x64.ActiveCfg = Release|x64
		{F1D3CEE8-F780-434D-857B-909C2D5943C7}.Release|x64.Build.0 = Release|x64
		{F1D3CEE8-F780-434D-857B-909C2D5943C7}.Release|x64.Deploy.0 = Release|x64
		{F1D3CEE8-F780-434D-857B-909C2D5943C7}.Release|x86.ActiveCfg = Release|x86
		{F1D3CEE8-F780-434D-857B-909C2D5943C7}.Release|x86.Build.0 = Release|x86
		{F1D3CEE8-F780-434D-857B-909C2D5943C7}.Release|x86.Deploy.0 = Release|x86
	EndGlobalSection
	GlobalSection(SolutionProperties) = preSolution
		HideSolutionNode = FALSE
	EndGlobalSection
EndGlobal
